// !$*UTF8*$!
{
	archiveVersion = 1;
	classes = {
	};
	objectVersion = 46;
	objects = {

/* Begin PBXBuildFile section */
		5AAD277916D2FA74000FA993 /* MapEditorApp-Info.plist in Resources */ = {isa = PBXBuildFile; fileRef = 5AAD277716D2FA74000FA993 /* MapEditorApp-Info.plist */; };
		5AADB19F16C7616300AACE72 /* CGCredits.rtf in Resources */ = {isa = PBXBuildFile; fileRef = 5AADB19A16C7616300AACE72 /* CGCredits.rtf */; };
		5AADB1A016C7616300AACE72 /* Credits.rtf in Resources */ = {isa = PBXBuildFile; fileRef = 5AADB19B16C7616300AACE72 /* Credits.rtf */; };
		5AADB1A116C7616300AACE72 /* InfoPlist.strings in Resources */ = {isa = PBXBuildFile; fileRef = 5AADB19C16C7616300AACE72 /* InfoPlist.strings */; };
		5AADB1BD16C7616D00AACE72 /* AssetManager.cpp in Sources */ = {isa = PBXBuildFile; fileRef = 5AADB1A516C7616D00AACE72 /* AssetManager.cpp */; };
		5AADB1BE16C7616D00AACE72 /* Block.cpp in Sources */ = {isa = PBXBuildFile; fileRef = 5AADB1A716C7616D00AACE72 /* Block.cpp */; };
		5AADB1BF16C7616D00AACE72 /* MapEditorApp.cpp in Sources */ = {isa = PBXBuildFile; fileRef = 5AADB1A916C7616D00AACE72 /* MapEditorApp.cpp */; };
		5AADB1C016C7616D00AACE72 /* Camera.cpp in Sources */ = {isa = PBXBuildFile; fileRef = 5AADB1AA16C7616D00AACE72 /* Camera.cpp */; };
		5AADB1C116C7616D00AACE72 /* Game_render.cpp in Sources */ = {isa = PBXBuildFile; fileRef = 5AADB1AD16C7616D00AACE72 /* Game_render.cpp */; };
		5AADB1C216C7616D00AACE72 /* Game_setup.cpp in Sources */ = {isa = PBXBuildFile; fileRef = 5AADB1AE16C7616D00AACE72 /* Game_setup.cpp */; };
		5AADB1C316C7616D00AACE72 /* Input.cpp in Sources */ = {isa = PBXBuildFile; fileRef = 5AADB1B016C7616D00AACE72 /* Input.cpp */; };
		5AADB1C516C7616D00AACE72 /* LoadSequence.cpp in Sources */ = {isa = PBXBuildFile; fileRef = 5AADB1B516C7616D00AACE72 /* LoadSequence.cpp */; };
		5AADB1C616C7616D00AACE72 /* Node.cpp in Sources */ = {isa = PBXBuildFile; fileRef = 5AADB1B716C7616D00AACE72 /* Node.cpp */; };
		5AADB1C716C7616D00AACE72 /* Terrain.cpp in Sources */ = {isa = PBXBuildFile; fileRef = 5AADB1B916C7616D00AACE72 /* Terrain.cpp */; };
		5AADB1E416C761D000AACE72 /* Editor.cpp in Sources */ = {isa = PBXBuildFile; fileRef = 5AADB1CD16C761D000AACE72 /* Editor.cpp */; };
		5AADB1E516C761D000AACE72 /* EditorCamera.cpp in Sources */ = {isa = PBXBuildFile; fileRef = 5AADB1CF16C761D000AACE72 /* EditorCamera.cpp */; };
		5AADB1E616C761D000AACE72 /* EditorCommand.cpp in Sources */ = {isa = PBXBuildFile; fileRef = 5AADB1D116C761D000AACE72 /* EditorCommand.cpp */; };
		5AADB1E716C761D000AACE72 /* EditorCommandQueue.cpp in Sources */ = {isa = PBXBuildFile; fileRef = 5AADB1D316C761D000AACE72 /* EditorCommandQueue.cpp */; };
		5AADB1E816C761D000AACE72 /* EditorKeyCommands.cpp in Sources */ = {isa = PBXBuildFile; fileRef = 5AADB1D616C761D000AACE72 /* EditorKeyCommands.cpp */; };
		5AADB1E916C761D000AACE72 /* EditorMeshSelector.cpp in Sources */ = {isa = PBXBuildFile; fileRef = 5AADB1D816C761D000AACE72 /* EditorMeshSelector.cpp */; };
		5AADB1EA16C761D000AACE72 /* EditorPalette.cpp in Sources */ = {isa = PBXBuildFile; fileRef = 5AADB1DA16C761D000AACE72 /* EditorPalette.cpp */; };
		5AADB1EB16C761D000AACE72 /* EditorPanel.cpp in Sources */ = {isa = PBXBuildFile; fileRef = 5AADB1DC16C761D000AACE72 /* EditorPanel.cpp */; };
		5AADB1EC16C761D000AACE72 /* EditorSelection.cpp in Sources */ = {isa = PBXBuildFile; fileRef = 5AADB1DE16C761D000AACE72 /* EditorSelection.cpp */; };
		5AADB1ED16C761D000AACE72 /* EditorState.cpp in Sources */ = {isa = PBXBuildFile; fileRef = 5AADB1E016C761D000AACE72 /* EditorState.cpp */; };
		5AADB1EE16C761D000AACE72 /* EditorTexturePaint.cpp in Sources */ = {isa = PBXBuildFile; fileRef = 5AADB1E216C761D000AACE72 /* EditorTexturePaint.cpp */; };
		5AADB1F516C761F800AACE72 /* brushes in Resources */ = {isa = PBXBuildFile; fileRef = 5AADB1EF16C761F800AACE72 /* brushes */; };
		5AADB1F816C761F800AACE72 /* shaders in Resources */ = {isa = PBXBuildFile; fileRef = 5AADB1F216C761F800AACE72 /* shaders */; };
		5AADB1F916C761F800AACE72 /* terrain in Resources */ = {isa = PBXBuildFile; fileRef = 5AADB1F316C761F800AACE72 /* terrain */; };
		5AADB1FA16C761F800AACE72 /* textures in Resources */ = {isa = PBXBuildFile; fileRef = 5AADB1F416C761F800AACE72 /* textures */; };
		5ACC450216DB10A90040543A /* CoreAudio.framework in Frameworks */ = {isa = PBXBuildFile; fileRef = 5ACC44F516DB10A90040543A /* CoreAudio.framework */; };
		5ACC450316DB10A90040543A /* AudioUnit.framework in Frameworks */ = {isa = PBXBuildFile; fileRef = 5ACC44F616DB10A90040543A /* AudioUnit.framework */; };
		5ACC450416DB10A90040543A /* AudioToolbox.framework in Frameworks */ = {isa = PBXBuildFile; fileRef = 5ACC44F716DB10A90040543A /* AudioToolbox.framework */; };
		5ACC450516DB10A90040543A /* Accelerate.framework in Frameworks */ = {isa = PBXBuildFile; fileRef = 5ACC44F816DB10A90040543A /* Accelerate.framework */; };
		5ACC450616DB10A90040543A /* AppKit.framework in Frameworks */ = {isa = PBXBuildFile; fileRef = 5ACC44F916DB10A90040543A /* AppKit.framework */; };
		5ACC450716DB10A90040543A /* CoreData.framework in Frameworks */ = {isa = PBXBuildFile; fileRef = 5ACC44FA16DB10A90040543A /* CoreData.framework */; };
		5ACC450816DB10A90040543A /* Foundation.framework in Frameworks */ = {isa = PBXBuildFile; fileRef = 5ACC44FB16DB10A90040543A /* Foundation.framework */; };
		5ACC450916DB10A90040543A /* QuickTime.framework in Frameworks */ = {isa = PBXBuildFile; fileRef = 5ACC44FC16DB10A90040543A /* QuickTime.framework */; };
		5ACC450A16DB10A90040543A /* QTKit.framework in Frameworks */ = {isa = PBXBuildFile; fileRef = 5ACC44FD16DB10A90040543A /* QTKit.framework */; };
		5ACC450B16DB10A90040543A /* CoreVideo.framework in Frameworks */ = {isa = PBXBuildFile; fileRef = 5ACC44FE16DB10A90040543A /* CoreVideo.framework */; };
		5ACC450C16DB10A90040543A /* Carbon.framework in Frameworks */ = {isa = PBXBuildFile; fileRef = 5ACC44FF16DB10A90040543A /* Carbon.framework */; };
		5ACC450D16DB10A90040543A /* OpenGL.framework in Frameworks */ = {isa = PBXBuildFile; fileRef = 5ACC450016DB10A90040543A /* OpenGL.framework */; };
		5ACC450E16DB10A90040543A /* Cocoa.framework in Frameworks */ = {isa = PBXBuildFile; fileRef = 5ACC450116DB10A90040543A /* Cocoa.framework */; };
/* End PBXBuildFile section */

/* Begin PBXFileReference section */
		5AAD277716D2FA74000FA993 /* MapEditorApp-Info.plist */ = {isa = PBXFileReference; fileEncoding = 4; lastKnownFileType = text.plist.xml; path = "MapEditorApp-Info.plist"; sourceTree = SOURCE_ROOT; };
		5AAD277816D2FA74000FA993 /* MapEditorApp-Prefix.pch */ = {isa = PBXFileReference; fileEncoding = 4; lastKnownFileType = sourcecode.c.h; path = "MapEditorApp-Prefix.pch"; sourceTree = SOURCE_ROOT; };
		5AADB19A16C7616300AACE72 /* CGCredits.rtf */ = {isa = PBXFileReference; fileEncoding = 4; lastKnownFileType = text.rtf; path = CGCredits.rtf; sourceTree = SOURCE_ROOT; };
		5AADB19B16C7616300AACE72 /* Credits.rtf */ = {isa = PBXFileReference; fileEncoding = 4; lastKnownFileType = text.rtf; path = Credits.rtf; sourceTree = SOURCE_ROOT; };
		5AADB19D16C7616300AACE72 /* en */ = {isa = PBXFileReference; lastKnownFileType = text.plist.strings; name = en; path = en.lproj/InfoPlist.strings; sourceTree = SOURCE_ROOT; };
		5AADB1A516C7616D00AACE72 /* AssetManager.cpp */ = {isa = PBXFileReference; fileEncoding = 4; lastKnownFileType = sourcecode.cpp.cpp; path = AssetManager.cpp; sourceTree = "<group>"; };
		5AADB1A616C7616D00AACE72 /* AssetManager.h */ = {isa = PBXFileReference; fileEncoding = 4; lastKnownFileType = sourcecode.c.h; path = AssetManager.h; sourceTree = "<group>"; };
		5AADB1A716C7616D00AACE72 /* Block.cpp */ = {isa = PBXFileReference; fileEncoding = 4; lastKnownFileType = sourcecode.cpp.cpp; path = Block.cpp; sourceTree = "<group>"; };
		5AADB1A816C7616D00AACE72 /* Block.h */ = {isa = PBXFileReference; fileEncoding = 4; lastKnownFileType = sourcecode.c.h; path = Block.h; sourceTree = "<group>"; };
		5AADB1A916C7616D00AACE72 /* MapEditorApp.cpp */ = {isa = PBXFileReference; fileEncoding = 4; lastKnownFileType = sourcecode.cpp.cpp; name = MapEditorApp.cpp; path = ../Game/MapEditorApp.cpp; sourceTree = "<group>"; };
		5AADB1AA16C7616D00AACE72 /* Camera.cpp */ = {isa = PBXFileReference; fileEncoding = 4; lastKnownFileType = sourcecode.cpp.cpp; path = Camera.cpp; sourceTree = "<group>"; };
		5AADB1AB16C7616D00AACE72 /* Camera.h */ = {isa = PBXFileReference; fileEncoding = 4; lastKnownFileType = sourcecode.c.h; path = Camera.h; sourceTree = "<group>"; };
		5AADB1AC16C7616D00AACE72 /* Game.h */ = {isa = PBXFileReference; fileEncoding = 4; lastKnownFileType = sourcecode.c.h; path = Game.h; sourceTree = "<group>"; };
		5AADB1AD16C7616D00AACE72 /* Game_render.cpp */ = {isa = PBXFileReference; fileEncoding = 4; lastKnownFileType = sourcecode.cpp.cpp; path = Game_render.cpp; sourceTree = "<group>"; };
		5AADB1AE16C7616D00AACE72 /* Game_setup.cpp */ = {isa = PBXFileReference; fileEncoding = 4; lastKnownFileType = sourcecode.cpp.cpp; path = Game_setup.cpp; sourceTree = "<group>"; };
		5AADB1AF16C7616D00AACE72 /* GameConstants.h */ = {isa = PBXFileReference; fileEncoding = 4; lastKnownFileType = sourcecode.c.h; path = GameConstants.h; sourceTree = "<group>"; };
		5AADB1B016C7616D00AACE72 /* Input.cpp */ = {isa = PBXFileReference; fileEncoding = 4; lastKnownFileType = sourcecode.cpp.cpp; path = Input.cpp; sourceTree = "<group>"; };
		5AADB1B116C7616D00AACE72 /* Input.h */ = {isa = PBXFileReference; fileEncoding = 4; lastKnownFileType = sourcecode.c.h; path = Input.h; sourceTree = "<group>"; };
		5AADB1B216C7616D00AACE72 /* InputButtons.h */ = {isa = PBXFileReference; fileEncoding = 4; lastKnownFileType = sourcecode.c.h; path = InputButtons.h; sourceTree = "<group>"; };
		5AADB1B516C7616D00AACE72 /* LoadSequence.cpp */ = {isa = PBXFileReference; fileEncoding = 4; lastKnownFileType = sourcecode.cpp.cpp; path = LoadSequence.cpp; sourceTree = "<group>"; };
		5AADB1B616C7616D00AACE72 /* LoadSequence.h */ = {isa = PBXFileReference; fileEncoding = 4; lastKnownFileType = sourcecode.c.h; path = LoadSequence.h; sourceTree = "<group>"; };
		5AADB1B716C7616D00AACE72 /* Node.cpp */ = {isa = PBXFileReference; fileEncoding = 4; lastKnownFileType = sourcecode.cpp.cpp; path = Node.cpp; sourceTree = "<group>"; };
		5AADB1B816C7616D00AACE72 /* Node.h */ = {isa = PBXFileReference; fileEncoding = 4; lastKnownFileType = sourcecode.c.h; path = Node.h; sourceTree = "<group>"; };
		5AADB1B916C7616D00AACE72 /* Terrain.cpp */ = {isa = PBXFileReference; fileEncoding = 4; lastKnownFileType = sourcecode.cpp.cpp; path = Terrain.cpp; sourceTree = "<group>"; };
		5AADB1BA16C7616D00AACE72 /* Terrain.h */ = {isa = PBXFileReference; fileEncoding = 4; lastKnownFileType = sourcecode.c.h; path = Terrain.h; sourceTree = "<group>"; };
		5AADB1BB16C7616D00AACE72 /* Timer.h */ = {isa = PBXFileReference; fileEncoding = 4; lastKnownFileType = sourcecode.c.h; path = Timer.h; sourceTree = "<group>"; };
		5AADB1CB16C761BB00AACE72 /* GlslInclude.h */ = {isa = PBXFileReference; fileEncoding = 4; lastKnownFileType = sourcecode.c.h; name = GlslInclude.h; path = ../Utils/GlslInclude.h; sourceTree = "<group>"; };
		5AADB1CD16C761D000AACE72 /* Editor.cpp */ = {isa = PBXFileReference; fileEncoding = 4; lastKnownFileType = sourcecode.cpp.cpp; path = Editor.cpp; sourceTree = "<group>"; };
		5AADB1CE16C761D000AACE72 /* Editor.h */ = {isa = PBXFileReference; fileEncoding = 4; lastKnownFileType = sourcecode.c.h; path = Editor.h; sourceTree = "<group>"; };
		5AADB1CF16C761D000AACE72 /* EditorCamera.cpp */ = {isa = PBXFileReference; fileEncoding = 4; lastKnownFileType = sourcecode.cpp.cpp; path = EditorCamera.cpp; sourceTree = "<group>"; };
		5AADB1D016C761D000AACE72 /* EditorCamera.h */ = {isa = PBXFileReference; fileEncoding = 4; lastKnownFileType = sourcecode.c.h; path = EditorCamera.h; sourceTree = "<group>"; };
		5AADB1D116C761D000AACE72 /* EditorCommand.cpp */ = {isa = PBXFileReference; fileEncoding = 4; lastKnownFileType = sourcecode.cpp.cpp; path = EditorCommand.cpp; sourceTree = "<group>"; };
		5AADB1D216C761D000AACE72 /* EditorCommand.h */ = {isa = PBXFileReference; fileEncoding = 4; lastKnownFileType = sourcecode.c.h; path = EditorCommand.h; sourceTree = "<group>"; };
		5AADB1D316C761D000AACE72 /* EditorCommandQueue.cpp */ = {isa = PBXFileReference; fileEncoding = 4; lastKnownFileType = sourcecode.cpp.cpp; path = EditorCommandQueue.cpp; sourceTree = "<group>"; };
		5AADB1D416C761D000AACE72 /* EditorCommandQueue.h */ = {isa = PBXFileReference; fileEncoding = 4; lastKnownFileType = sourcecode.c.h; path = EditorCommandQueue.h; sourceTree = "<group>"; };
		5AADB1D516C761D000AACE72 /* EditorConstants.h */ = {isa = PBXFileReference; fileEncoding = 4; lastKnownFileType = sourcecode.c.h; path = EditorConstants.h; sourceTree = "<group>"; };
		5AADB1D616C761D000AACE72 /* EditorKeyCommands.cpp */ = {isa = PBXFileReference; fileEncoding = 4; lastKnownFileType = sourcecode.cpp.cpp; path = EditorKeyCommands.cpp; sourceTree = "<group>"; };
		5AADB1D716C761D000AACE72 /* EditorKeyCommands.h */ = {isa = PBXFileReference; fileEncoding = 4; lastKnownFileType = sourcecode.c.h; path = EditorKeyCommands.h; sourceTree = "<group>"; };
		5AADB1D816C761D000AACE72 /* EditorMeshSelector.cpp */ = {isa = PBXFileReference; fileEncoding = 4; lastKnownFileType = sourcecode.cpp.cpp; path = EditorMeshSelector.cpp; sourceTree = "<group>"; };
		5AADB1D916C761D000AACE72 /* EditorMeshSelector.h */ = {isa = PBXFileReference; fileEncoding = 4; lastKnownFileType = sourcecode.c.h; path = EditorMeshSelector.h; sourceTree = "<group>"; };
		5AADB1DA16C761D000AACE72 /* EditorPalette.cpp */ = {isa = PBXFileReference; fileEncoding = 4; lastKnownFileType = sourcecode.cpp.cpp; path = EditorPalette.cpp; sourceTree = "<group>"; };
		5AADB1DB16C761D000AACE72 /* EditorPalette.h */ = {isa = PBXFileReference; fileEncoding = 4; lastKnownFileType = sourcecode.c.h; path = EditorPalette.h; sourceTree = "<group>"; };
		5AADB1DC16C761D000AACE72 /* EditorPanel.cpp */ = {isa = PBXFileReference; fileEncoding = 4; lastKnownFileType = sourcecode.cpp.cpp; path = EditorPanel.cpp; sourceTree = "<group>"; };
		5AADB1DD16C761D000AACE72 /* EditorPanel.h */ = {isa = PBXFileReference; fileEncoding = 4; lastKnownFileType = sourcecode.c.h; path = EditorPanel.h; sourceTree = "<group>"; };
		5AADB1DE16C761D000AACE72 /* EditorSelection.cpp */ = {isa = PBXFileReference; fileEncoding = 4; lastKnownFileType = sourcecode.cpp.cpp; path = EditorSelection.cpp; sourceTree = "<group>"; };
		5AADB1DF16C761D000AACE72 /* EditorSelection.h */ = {isa = PBXFileReference; fileEncoding = 4; lastKnownFileType = sourcecode.c.h; path = EditorSelection.h; sourceTree = "<group>"; };
		5AADB1E016C761D000AACE72 /* EditorState.cpp */ = {isa = PBXFileReference; fileEncoding = 4; lastKnownFileType = sourcecode.cpp.cpp; path = EditorState.cpp; sourceTree = "<group>"; };
		5AADB1E116C761D000AACE72 /* EditorState.h */ = {isa = PBXFileReference; fileEncoding = 4; lastKnownFileType = sourcecode.c.h; path = EditorState.h; sourceTree = "<group>"; };
		5AADB1E216C761D000AACE72 /* EditorTexturePaint.cpp */ = {isa = PBXFileReference; fileEncoding = 4; lastKnownFileType = sourcecode.cpp.cpp; path = EditorTexturePaint.cpp; sourceTree = "<group>"; };
		5AADB1E316C761D000AACE72 /* EditorTexturePaint.h */ = {isa = PBXFileReference; fileEncoding = 4; lastKnownFileType = sourcecode.c.h; path = EditorTexturePaint.h; sourceTree = "<group>"; };
		5AADB1EF16C761F800AACE72 /* brushes */ = {isa = PBXFileReference; lastKnownFileType = folder; name = brushes; path = ../Resources/brushes; sourceTree = "<group>"; };
		5AADB1F216C761F800AACE72 /* shaders */ = {isa = PBXFileReference; lastKnownFileType = folder; name = shaders; path = ../Resources/shaders; sourceTree = "<group>"; };
		5AADB1F316C761F800AACE72 /* terrain */ = {isa = PBXFileReference; lastKnownFileType = folder; name = terrain; path = ../Resources/terrain; sourceTree = "<group>"; };
		5AADB1F416C761F800AACE72 /* textures */ = {isa = PBXFileReference; lastKnownFileType = folder; name = textures; path = ../Resources/textures; sourceTree = "<group>"; };
		5ACC44F516DB10A90040543A /* CoreAudio.framework */ = {isa = PBXFileReference; lastKnownFileType = wrapper.framework; name = CoreAudio.framework; path = Platforms/MacOSX.platform/Developer/SDKs/MacOSX10.8.sdk/System/Library/Frameworks/CoreAudio.framework; sourceTree = DEVELOPER_DIR; };
		5ACC44F616DB10A90040543A /* AudioUnit.framework */ = {isa = PBXFileReference; lastKnownFileType = wrapper.framework; name = AudioUnit.framework; path = Platforms/MacOSX.platform/Developer/SDKs/MacOSX10.8.sdk/System/Library/Frameworks/AudioUnit.framework; sourceTree = DEVELOPER_DIR; };
		5ACC44F716DB10A90040543A /* AudioToolbox.framework */ = {isa = PBXFileReference; lastKnownFileType = wrapper.framework; name = AudioToolbox.framework; path = Platforms/MacOSX.platform/Developer/SDKs/MacOSX10.8.sdk/System/Library/Frameworks/AudioToolbox.framework; sourceTree = DEVELOPER_DIR; };
		5ACC44F816DB10A90040543A /* Accelerate.framework */ = {isa = PBXFileReference; lastKnownFileType = wrapper.framework; name = Accelerate.framework; path = Platforms/MacOSX.platform/Developer/SDKs/MacOSX10.8.sdk/System/Library/Frameworks/Accelerate.framework; sourceTree = DEVELOPER_DIR; };
		5ACC44F916DB10A90040543A /* AppKit.framework */ = {isa = PBXFileReference; lastKnownFileType = wrapper.framework; name = AppKit.framework; path = /System/Library/Frameworks/AppKit.framework; sourceTree = "<absolute>"; };
		5ACC44FA16DB10A90040543A /* CoreData.framework */ = {isa = PBXFileReference; lastKnownFileType = wrapper.framework; name = CoreData.framework; path = /System/Library/Frameworks/CoreData.framework; sourceTree = "<absolute>"; };
		5ACC44FB16DB10A90040543A /* Foundation.framework */ = {isa = PBXFileReference; lastKnownFileType = wrapper.framework; name = Foundation.framework; path = /System/Library/Frameworks/Foundation.framework; sourceTree = "<absolute>"; };
		5ACC44FC16DB10A90040543A /* QuickTime.framework */ = {isa = PBXFileReference; lastKnownFileType = wrapper.framework; name = QuickTime.framework; path = /System/Library/Frameworks/QuickTime.framework; sourceTree = "<absolute>"; };
		5ACC44FD16DB10A90040543A /* QTKit.framework */ = {isa = PBXFileReference; lastKnownFileType = wrapper.framework; name = QTKit.framework; path = /System/Library/Frameworks/QTKit.framework; sourceTree = "<absolute>"; };
		5ACC44FE16DB10A90040543A /* CoreVideo.framework */ = {isa = PBXFileReference; lastKnownFileType = wrapper.framework; name = CoreVideo.framework; path = /System/Library/Frameworks/CoreVideo.framework; sourceTree = "<absolute>"; };
		5ACC44FF16DB10A90040543A /* Carbon.framework */ = {isa = PBXFileReference; lastKnownFileType = wrapper.framework; name = Carbon.framework; path = /System/Library/Frameworks/Carbon.framework; sourceTree = "<absolute>"; };
		5ACC450016DB10A90040543A /* OpenGL.framework */ = {isa = PBXFileReference; lastKnownFileType = wrapper.framework; name = OpenGL.framework; path = /System/Library/Frameworks/OpenGL.framework; sourceTree = "<absolute>"; };
		5ACC450116DB10A90040543A /* Cocoa.framework */ = {isa = PBXFileReference; lastKnownFileType = wrapper.framework; name = Cocoa.framework; path = /System/Library/Frameworks/Cocoa.framework; sourceTree = "<absolute>"; };
		5AE3F96016A592FE006BF38E /* MapEditorApp.app */ = {isa = PBXFileReference; explicitFileType = wrapper.application; includeInIndex = 0; path = MapEditorApp.app; sourceTree = BUILT_PRODUCTS_DIR; };
/* End PBXFileReference section */

/* Begin PBXFrameworksBuildPhase section */
		5AE3F95D16A592FE006BF38E /* Frameworks */ = {
			isa = PBXFrameworksBuildPhase;
			buildActionMask = 2147483647;
			files = (
				5ACC450216DB10A90040543A /* CoreAudio.framework in Frameworks */,
				5ACC450316DB10A90040543A /* AudioUnit.framework in Frameworks */,
				5ACC450416DB10A90040543A /* AudioToolbox.framework in Frameworks */,
				5ACC450516DB10A90040543A /* Accelerate.framework in Frameworks */,
				5ACC450616DB10A90040543A /* AppKit.framework in Frameworks */,
				5ACC450716DB10A90040543A /* CoreData.framework in Frameworks */,
				5ACC450816DB10A90040543A /* Foundation.framework in Frameworks */,
				5ACC450916DB10A90040543A /* QuickTime.framework in Frameworks */,
				5ACC450A16DB10A90040543A /* QTKit.framework in Frameworks */,
				5ACC450B16DB10A90040543A /* CoreVideo.framework in Frameworks */,
				5ACC450C16DB10A90040543A /* Carbon.framework in Frameworks */,
				5ACC450D16DB10A90040543A /* OpenGL.framework in Frameworks */,
				5ACC450E16DB10A90040543A /* Cocoa.framework in Frameworks */,
			);
			runOnlyForDeploymentPostprocessing = 0;
		};
/* End PBXFrameworksBuildPhase section */

/* Begin PBXGroup section */
		5A346DF416879CB800D8463A = {
			isa = PBXGroup;
			children = (
				5AADB1CC16C761D000AACE72 /* Editor */,
				5AADB16A16C75FFF00AACE72 /* Application */,
				5A7FB2BD16AC58050098F9E3 /* Resources */,
				5AADB1A216C7616D00AACE72 /* Game */,
				5A7FB28616ABAD4E0098F9E3 /* Utils */,
				5A346E0216879CB800D8463A /* Frameworks */,
				5A346E0016879CB800D8463A /* Products */,
			);
			sourceTree = "<group>";
		};
		5A346E0016879CB800D8463A /* Products */ = {
			isa = PBXGroup;
			children = (
				5AE3F96016A592FE006BF38E /* MapEditorApp.app */,
			);
			name = Products;
			sourceTree = "<group>";
		};
		5A346E0216879CB800D8463A /* Frameworks */ = {
			isa = PBXGroup;
			children = (
				5ACC44F516DB10A90040543A /* CoreAudio.framework */,
				5ACC44F616DB10A90040543A /* AudioUnit.framework */,
				5ACC44F716DB10A90040543A /* AudioToolbox.framework */,
				5ACC44F816DB10A90040543A /* Accelerate.framework */,
				5ACC44F916DB10A90040543A /* AppKit.framework */,
				5ACC44FA16DB10A90040543A /* CoreData.framework */,
				5ACC44FB16DB10A90040543A /* Foundation.framework */,
				5ACC44FC16DB10A90040543A /* QuickTime.framework */,
				5ACC44FD16DB10A90040543A /* QTKit.framework */,
				5ACC44FE16DB10A90040543A /* CoreVideo.framework */,
				5ACC44FF16DB10A90040543A /* Carbon.framework */,
				5ACC450016DB10A90040543A /* OpenGL.framework */,
				5ACC450116DB10A90040543A /* Cocoa.framework */,
			);
			name = Frameworks;
			sourceTree = "<group>";
		};
		5A7FB28616ABAD4E0098F9E3 /* Utils */ = {
			isa = PBXGroup;
			children = (
				5AADB1CB16C761BB00AACE72 /* GlslInclude.h */,
			);
			name = Utils;
			sourceTree = "<group>";
		};
		5A7FB2BD16AC58050098F9E3 /* Resources */ = {
			isa = PBXGroup;
			children = (
				5AADB1EF16C761F800AACE72 /* brushes */,
				5AADB1F216C761F800AACE72 /* shaders */,
				5AADB1F316C761F800AACE72 /* terrain */,
				5AADB1F416C761F800AACE72 /* textures */,
			);
			name = Resources;
			sourceTree = "<group>";
		};
		5AADB16A16C75FFF00AACE72 /* Application */ = {
			isa = PBXGroup;
			children = (
				5AADB1A916C7616D00AACE72 /* MapEditorApp.cpp */,
				5AE3F96F16A592FF006BF38E /* Supporting Files */,
			);
			name = Application;
			sourceTree = "<group>";
		};
		5AADB1A216C7616D00AACE72 /* Game */ = {
			isa = PBXGroup;
			children = (
				5AADB1A516C7616D00AACE72 /* AssetManager.cpp */,
				5AADB1A616C7616D00AACE72 /* AssetManager.h */,
				5AADB1A716C7616D00AACE72 /* Block.cpp */,
				5AADB1A816C7616D00AACE72 /* Block.h */,
				5AADB1AA16C7616D00AACE72 /* Camera.cpp */,
				5AADB1AB16C7616D00AACE72 /* Camera.h */,
				5AADB1AC16C7616D00AACE72 /* Game.h */,
				5AADB1AD16C7616D00AACE72 /* Game_render.cpp */,
				5AADB1AE16C7616D00AACE72 /* Game_setup.cpp */,
				5AADB1AF16C7616D00AACE72 /* GameConstants.h */,
				5AADB1B016C7616D00AACE72 /* Input.cpp */,
				5AADB1B116C7616D00AACE72 /* Input.h */,
				5AADB1B216C7616D00AACE72 /* InputButtons.h */,
				5AADB1B516C7616D00AACE72 /* LoadSequence.cpp */,
				5AADB1B616C7616D00AACE72 /* LoadSequence.h */,
				5AADB1B716C7616D00AACE72 /* Node.cpp */,
				5AADB1B816C7616D00AACE72 /* Node.h */,
				5AADB1B916C7616D00AACE72 /* Terrain.cpp */,
				5AADB1BA16C7616D00AACE72 /* Terrain.h */,
				5AADB1BB16C7616D00AACE72 /* Timer.h */,
			);
			name = Game;
			path = ../Game;
			sourceTree = "<group>";
		};
		5AADB1CC16C761D000AACE72 /* Editor */ = {
			isa = PBXGroup;
			children = (
				5AADB1CD16C761D000AACE72 /* Editor.cpp */,
				5AADB1CE16C761D000AACE72 /* Editor.h */,
				5AADB1CF16C761D000AACE72 /* EditorCamera.cpp */,
				5AADB1D016C761D000AACE72 /* EditorCamera.h */,
				5AADB1D116C761D000AACE72 /* EditorCommand.cpp */,
				5AADB1D216C761D000AACE72 /* EditorCommand.h */,
				5AADB1D316C761D000AACE72 /* EditorCommandQueue.cpp */,
				5AADB1D416C761D000AACE72 /* EditorCommandQueue.h */,
				5AADB1D516C761D000AACE72 /* EditorConstants.h */,
				5AADB1D616C761D000AACE72 /* EditorKeyCommands.cpp */,
				5AADB1D716C761D000AACE72 /* EditorKeyCommands.h */,
				5AADB1D816C761D000AACE72 /* EditorMeshSelector.cpp */,
				5AADB1D916C761D000AACE72 /* EditorMeshSelector.h */,
				5AADB1DA16C761D000AACE72 /* EditorPalette.cpp */,
				5AADB1DB16C761D000AACE72 /* EditorPalette.h */,
				5AADB1DC16C761D000AACE72 /* EditorPanel.cpp */,
				5AADB1DD16C761D000AACE72 /* EditorPanel.h */,
				5AADB1DE16C761D000AACE72 /* EditorSelection.cpp */,
				5AADB1DF16C761D000AACE72 /* EditorSelection.h */,
				5AADB1E016C761D000AACE72 /* EditorState.cpp */,
				5AADB1E116C761D000AACE72 /* EditorState.h */,
				5AADB1E216C761D000AACE72 /* EditorTexturePaint.cpp */,
				5AADB1E316C761D000AACE72 /* EditorTexturePaint.h */,
			);
			name = Editor;
			path = ../Editor;
			sourceTree = "<group>";
		};
		5AE3F96F16A592FF006BF38E /* Supporting Files */ = {
			isa = PBXGroup;
			children = (
				5AAD277716D2FA74000FA993 /* MapEditorApp-Info.plist */,
				5AAD277816D2FA74000FA993 /* MapEditorApp-Prefix.pch */,
				5AADB19A16C7616300AACE72 /* CGCredits.rtf */,
				5AADB19B16C7616300AACE72 /* Credits.rtf */,
				5AADB19C16C7616300AACE72 /* InfoPlist.strings */,
			);
			name = "Supporting Files";
			path = BlockTest;
			sourceTree = "<group>";
		};
/* End PBXGroup section */

/* Begin PBXNativeTarget section */
		5AE3F95F16A592FE006BF38E /* MapEditorApp */ = {
			isa = PBXNativeTarget;
			buildConfigurationList = 5AE3F98816A592FF006BF38E /* Build configuration list for PBXNativeTarget "MapEditorApp" */;
			buildPhases = (
				5AE3F95C16A592FE006BF38E /* Sources */,
				5AE3F95D16A592FE006BF38E /* Frameworks */,
				5AE3F95E16A592FE006BF38E /* Resources */,
			);
			buildRules = (
			);
			dependencies = (
			);
			name = MapEditorApp;
			productName = BlockTest;
			productReference = 5AE3F96016A592FE006BF38E /* MapEditorApp.app */;
			productType = "com.apple.product-type.application";
		};
/* End PBXNativeTarget section */

/* Begin PBXProject section */
		5A346DF616879CB800D8463A /* Project object */ = {
			isa = PBXProject;
			attributes = {
				LastUpgradeCheck = 0450;
				ORGANIZATIONNAME = lynchdev;
			};
			buildConfigurationList = 5A346DF916879CB800D8463A /* Build configuration list for PBXProject "MapEditorApp" */;
			compatibilityVersion = "Xcode 3.2";
			developmentRegion = English;
			hasScannedForEncodings = 0;
			knownRegions = (
				en,
			);
			mainGroup = 5A346DF416879CB800D8463A;
			productRefGroup = 5A346E0016879CB800D8463A /* Products */;
			projectDirPath = "";
			projectRoot = "";
			targets = (
				5AE3F95F16A592FE006BF38E /* MapEditorApp */,
			);
		};
/* End PBXProject section */

/* Begin PBXResourcesBuildPhase section */
		5AE3F95E16A592FE006BF38E /* Resources */ = {
			isa = PBXResourcesBuildPhase;
			buildActionMask = 2147483647;
			files = (
				5AADB19F16C7616300AACE72 /* CGCredits.rtf in Resources */,
				5AADB1A016C7616300AACE72 /* Credits.rtf in Resources */,
				5AADB1A116C7616300AACE72 /* InfoPlist.strings in Resources */,
				5AADB1F516C761F800AACE72 /* brushes in Resources */,
				5AADB1F816C761F800AACE72 /* shaders in Resources */,
				5AADB1F916C761F800AACE72 /* terrain in Resources */,
				5AADB1FA16C761F800AACE72 /* textures in Resources */,
				5AAD277916D2FA74000FA993 /* MapEditorApp-Info.plist in Resources */,
			);
			runOnlyForDeploymentPostprocessing = 0;
		};
/* End PBXResourcesBuildPhase section */

/* Begin PBXSourcesBuildPhase section */
		5AE3F95C16A592FE006BF38E /* Sources */ = {
			isa = PBXSourcesBuildPhase;
			buildActionMask = 2147483647;
			files = (
				5AADB1BD16C7616D00AACE72 /* AssetManager.cpp in Sources */,
				5AADB1BE16C7616D00AACE72 /* Block.cpp in Sources */,
				5AADB1BF16C7616D00AACE72 /* MapEditorApp.cpp in Sources */,
				5AADB1C016C7616D00AACE72 /* Camera.cpp in Sources */,
				5AADB1C116C7616D00AACE72 /* Game_render.cpp in Sources */,
				5AADB1C216C7616D00AACE72 /* Game_setup.cpp in Sources */,
				5AADB1C316C7616D00AACE72 /* Input.cpp in Sources */,
				5AADB1C516C7616D00AACE72 /* LoadSequence.cpp in Sources */,
				5AADB1C616C7616D00AACE72 /* Node.cpp in Sources */,
				5AADB1C716C7616D00AACE72 /* Terrain.cpp in Sources */,
				5AADB1E416C761D000AACE72 /* Editor.cpp in Sources */,
				5AADB1E516C761D000AACE72 /* EditorCamera.cpp in Sources */,
				5AADB1E616C761D000AACE72 /* EditorCommand.cpp in Sources */,
				5AADB1E716C761D000AACE72 /* EditorCommandQueue.cpp in Sources */,
				5AADB1E816C761D000AACE72 /* EditorKeyCommands.cpp in Sources */,
				5AADB1E916C761D000AACE72 /* EditorMeshSelector.cpp in Sources */,
				5AADB1EA16C761D000AACE72 /* EditorPalette.cpp in Sources */,
				5AADB1EB16C761D000AACE72 /* EditorPanel.cpp in Sources */,
				5AADB1EC16C761D000AACE72 /* EditorSelection.cpp in Sources */,
				5AADB1ED16C761D000AACE72 /* EditorState.cpp in Sources */,
				5AADB1EE16C761D000AACE72 /* EditorTexturePaint.cpp in Sources */,
			);
			runOnlyForDeploymentPostprocessing = 0;
		};
/* End PBXSourcesBuildPhase section */

/* Begin PBXVariantGroup section */
		5AADB19C16C7616300AACE72 /* InfoPlist.strings */ = {
			isa = PBXVariantGroup;
			children = (
				5AADB19D16C7616300AACE72 /* en */,
			);
			name = InfoPlist.strings;
			sourceTree = "<group>";
		};
/* End PBXVariantGroup section */

/* Begin XCBuildConfiguration section */
		5A346E3916879CB800D8463A /* Debug */ = {
			isa = XCBuildConfiguration;
			buildSettings = {
				ALWAYS_SEARCH_USER_PATHS = NO;
				CLANG_CXX_LANGUAGE_STANDARD = "gnu++0x";
				CLANG_CXX_LIBRARY = "libc++";
				CLANG_ENABLE_OBJC_ARC = YES;
				CLANG_WARN_EMPTY_BODY = YES;
				CLANG_WARN__DUPLICATE_METHOD_MATCH = YES;
				"CODE_SIGN_IDENTITY[sdk=iphoneos*]" = "iPhone Developer";
				COPY_PHASE_STRIP = NO;
				GCC_C_LANGUAGE_STANDARD = gnu99;
				GCC_DYNAMIC_NO_PIC = NO;
				GCC_OPTIMIZATION_LEVEL = 0;
				GCC_PREPROCESSOR_DEFINITIONS = (
					"DEBUG=1",
					"$(inherited)",
				);
				GCC_SYMBOLS_PRIVATE_EXTERN = NO;
				GCC_WARN_ABOUT_RETURN_TYPE = YES;
				GCC_WARN_UNINITIALIZED_AUTOS = YES;
				GCC_WARN_UNUSED_VARIABLE = YES;
				IPHONEOS_DEPLOYMENT_TARGET = 6.0;
				ONLY_ACTIVE_ARCH = YES;
				SDKROOT = iphoneos;
				SUPPORTED_PLATFORMS = "iphonesimulator iphoneos";
				TARGETED_DEVICE_FAMILY = "1,2";
			};
			name = Debug;
		};
		5A346E3A16879CB800D8463A /* Release */ = {
			isa = XCBuildConfiguration;
			buildSettings = {
				ALWAYS_SEARCH_USER_PATHS = NO;
				CLANG_CXX_LANGUAGE_STANDARD = "gnu++0x";
				CLANG_CXX_LIBRARY = "libc++";
				CLANG_ENABLE_OBJC_ARC = YES;
				CLANG_WARN_EMPTY_BODY = YES;
				CLANG_WARN__DUPLICATE_METHOD_MATCH = YES;
				"CODE_SIGN_IDENTITY[sdk=iphoneos*]" = "iPhone Developer";
				COPY_PHASE_STRIP = YES;
				GCC_C_LANGUAGE_STANDARD = gnu99;
				GCC_WARN_ABOUT_RETURN_TYPE = YES;
				GCC_WARN_UNINITIALIZED_AUTOS = YES;
				GCC_WARN_UNUSED_VARIABLE = YES;
				IPHONEOS_DEPLOYMENT_TARGET = 6.0;
				OTHER_CFLAGS = "-DNS_BLOCK_ASSERTIONS=1";
				SDKROOT = iphoneos;
				SUPPORTED_PLATFORMS = "iphonesimulator iphoneos";
				TARGETED_DEVICE_FAMILY = "1,2";
				VALIDATE_PRODUCT = YES;
			};
			name = Release;
		};
		5AE3F98916A592FF006BF38E /* Debug */ = {
			isa = XCBuildConfiguration;
			buildSettings = {
				ARCHS = i386;
				CINDER_PATH = ../../../cinder;
				FRAMEWORK_SEARCH_PATHS = (
					"$(inherited)",
					"\"$(SYSTEM_APPS_DIR)/Xcode.app/Contents/Developer/Library/Frameworks\"",
				);
				GCC_ENABLE_OBJC_EXCEPTIONS = YES;
				GCC_PRECOMPILE_PREFIX_HEADER = YES;
				GCC_PREFIX_HEADER = "MapEditorApp-Prefix.pch";
				GCC_VERSION = com.apple.compilers.llvmgcc42;
				GCC_WARN_64_TO_32_BIT_CONVERSION = YES;
				HEADER_SEARCH_PATHS = "$(CINDER_PATH)/boost";
				INFOPLIST_FILE = "/Users/pdlynch/Development/LYGraphics/MapEditor/xcode/MapEditorApp-Info.plist";
				MACOSX_DEPLOYMENT_TARGET = 10.8;
				OTHER_LDFLAGS = "$(CINDER_PATH)/lib/libcinder_d.a";
				PRODUCT_NAME = MapEditorApp;
				SDKROOT = macosx;
				SUPPORTED_PLATFORMS = macosx;
				USER_HEADER_SEARCH_PATHS = "../include $(CINDER_PATH)/include";
				WRAPPER_EXTENSION = app;
			};
			name = Debug;
		};
		5AE3F98A16A592FF006BF38E /* Release */ = {
			isa = XCBuildConfiguration;
			buildSettings = {
				ARCHS = i386;
				CINDER_PATH = ../../../cinder;
				DEBUG_INFORMATION_FORMAT = "dwarf-with-dsym";
				FRAMEWORK_SEARCH_PATHS = (
					"$(inherited)",
					"\"$(SYSTEM_APPS_DIR)/Xcode.app/Contents/Developer/Library/Frameworks\"",
				);
				GCC_ENABLE_OBJC_EXCEPTIONS = YES;
				GCC_PRECOMPILE_PREFIX_HEADER = YES;
				GCC_PREFIX_HEADER = "MapEditorApp-Prefix.pch";
				GCC_VERSION = com.apple.compilers.llvmgcc42;
				GCC_WARN_64_TO_32_BIT_CONVERSION = YES;
				HEADER_SEARCH_PATHS = "$(CINDER_PATH)/boost";
				INFOPLIST_FILE = "/Users/pdlynch/Development/LYGraphics/MapEditor/xcode/MapEditorApp-Info.plist";
				MACOSX_DEPLOYMENT_TARGET = 10.8;
				OTHER_LDFLAGS = "$(CINDER_PATH)/lib/libcinder.a";
				PRODUCT_NAME = MapEditorApp;
				SDKROOT = macosx;
				SUPPORTED_PLATFORMS = macosx;
				USER_HEADER_SEARCH_PATHS = "../include $(CINDER_PATH)/include";
				WRAPPER_EXTENSION = app;
			};
			name = Release;
		};
/* End XCBuildConfiguration section */

/* Begin XCConfigurationList section */
		5A346DF916879CB800D8463A /* Build configuration list for PBXProject "MapEditorApp" */ = {
			isa = XCConfigurationList;
			buildConfigurations = (
				5A346E3916879CB800D8463A /* Debug */,
				5A346E3A16879CB800D8463A /* Release */,
			);
			defaultConfigurationIsVisible = 0;
			defaultConfigurationName = Release;
		};
		5AE3F98816A592FF006BF38E /* Build configuration list for PBXNativeTarget "MapEditorApp" */ = {
			isa = XCConfigurationList;
			buildConfigurations = (
				5AE3F98916A592FF006BF38E /* Debug */,
				5AE3F98A16A592FF006BF38E /* Release */,
			);
			defaultConfigurationIsVisible = 0;
			defaultConfigurationName = Release;
		};
/* End XCConfigurationList section */
	};
	rootObject = 5A346DF616879CB800D8463A /* Project object */;
}
