// !$*UTF8*$!
{
	archiveVersion = 1;
	classes = {
	};
	objectVersion = 46;
	objects = {

/* Begin PBXBuildFile section */
		5A346E0416879CB800D8463A /* UIKit.framework in Frameworks */ = {isa = PBXBuildFile; fileRef = 5A346E0316879CB800D8463A /* UIKit.framework */; };
		5A346E0616879CB800D8463A /* Foundation.framework in Frameworks */ = {isa = PBXBuildFile; fileRef = 5A346E0516879CB800D8463A /* Foundation.framework */; };
		5A346E0816879CB800D8463A /* CoreGraphics.framework in Frameworks */ = {isa = PBXBuildFile; fileRef = 5A346E0716879CB800D8463A /* CoreGraphics.framework */; };
		5A346E0A16879CB800D8463A /* QuartzCore.framework in Frameworks */ = {isa = PBXBuildFile; fileRef = 5A346E0916879CB800D8463A /* QuartzCore.framework */; };
		5A346E0C16879CB800D8463A /* OpenGLES.framework in Frameworks */ = {isa = PBXBuildFile; fileRef = 5A346E0B16879CB800D8463A /* OpenGLES.framework */; };
		5A346E0E16879CB800D8463A /* AudioToolbox.framework in Frameworks */ = {isa = PBXBuildFile; fileRef = 5A346E0D16879CB800D8463A /* AudioToolbox.framework */; };
		5A346E1016879CB800D8463A /* CoreVideo.framework in Frameworks */ = {isa = PBXBuildFile; fileRef = 5A346E0F16879CB800D8463A /* CoreVideo.framework */; };
		5A346E1216879CB800D8463A /* AVFoundation.framework in Frameworks */ = {isa = PBXBuildFile; fileRef = 5A346E1116879CB800D8463A /* AVFoundation.framework */; };
		5A346E1416879CB800D8463A /* CoreMedia.framework in Frameworks */ = {isa = PBXBuildFile; fileRef = 5A346E1316879CB800D8463A /* CoreMedia.framework */; };
		5A346E1616879CB800D8463A /* CoreText.framework in Frameworks */ = {isa = PBXBuildFile; fileRef = 5A346E1516879CB800D8463A /* CoreText.framework */; };
		5A346E5C1687ADF700D8463A /* char_1.png in Resources */ = {isa = PBXBuildFile; fileRef = 5A346E5B1687ADF700D8463A /* char_1.png */; };
		5A346E621687B89700D8463A /* ground.png in Resources */ = {isa = PBXBuildFile; fileRef = 5A346E611687B89700D8463A /* ground.png */; };
		5A346E641687C49600D8463A /* background.png in Resources */ = {isa = PBXBuildFile; fileRef = 5A346E631687C49600D8463A /* background.png */; };
		5A46993516A46C1400EDE9CE /* Animator.cpp in Sources */ = {isa = PBXBuildFile; fileRef = 5A46991F16A46C1400EDE9CE /* Animator.cpp */; };
		5A46993716A46C1400EDE9CE /* AssetManager.cpp in Sources */ = {isa = PBXBuildFile; fileRef = 5A46992116A46C1400EDE9CE /* AssetManager.cpp */; };
		5A46993916A46C1400EDE9CE /* Camera.cpp in Sources */ = {isa = PBXBuildFile; fileRef = 5A46992316A46C1400EDE9CE /* Camera.cpp */; };
		5A46993B16A46C1400EDE9CE /* Character.cpp in Sources */ = {isa = PBXBuildFile; fileRef = 5A46992516A46C1400EDE9CE /* Character.cpp */; };
		5A46993D16A46C1400EDE9CE /* Collision.cpp in Sources */ = {isa = PBXBuildFile; fileRef = 5A46992716A46C1400EDE9CE /* Collision.cpp */; };
		5A46994116A46C1400EDE9CE /* Game.cpp in Sources */ = {isa = PBXBuildFile; fileRef = 5A46992B16A46C1400EDE9CE /* Game.cpp */; };
		5A46994316A46C1400EDE9CE /* Node.cpp in Sources */ = {isa = PBXBuildFile; fileRef = 5A46992E16A46C1400EDE9CE /* Node.cpp */; };
		5A46994516A46C1400EDE9CE /* Renderer.cpp in Sources */ = {isa = PBXBuildFile; fileRef = 5A46993016A46C1400EDE9CE /* Renderer.cpp */; };
		5A46994716A46C1400EDE9CE /* Tile.cpp in Sources */ = {isa = PBXBuildFile; fileRef = 5A46993216A46C1400EDE9CE /* Tile.cpp */; };
		5A46996016A46C7500EDE9CE /* CCGLTouchAppDelegate.mm in Sources */ = {isa = PBXBuildFile; fileRef = 5A46994C16A46C7500EDE9CE /* CCGLTouchAppDelegate.mm */; };
		5A46996116A46C7500EDE9CE /* CCGLTouchView.mm in Sources */ = {isa = PBXBuildFile; fileRef = 5A46994E16A46C7500EDE9CE /* CCGLTouchView.mm */; };
		5A46996216A46C7500EDE9CE /* CCGLTouchViewController.mm in Sources */ = {isa = PBXBuildFile; fileRef = 5A46995016A46C7500EDE9CE /* CCGLTouchViewController.mm */; };
		5A46996316A46C7500EDE9CE /* InfoPlist.strings in Resources */ = {isa = PBXBuildFile; fileRef = 5A46995116A46C7500EDE9CE /* InfoPlist.strings */; };
		5A46996416A46C7500EDE9CE /* JoypadViewController.m in Sources */ = {isa = PBXBuildFile; fileRef = 5A46995416A46C7500EDE9CE /* JoypadViewController.m */; };
		5A46996516A46C7500EDE9CE /* main.m in Sources */ = {isa = PBXBuildFile; fileRef = 5A46995516A46C7500EDE9CE /* main.m */; };
		5A46996616A46C7500EDE9CE /* MainWindow.xib in Resources */ = {isa = PBXBuildFile; fileRef = 5A46995616A46C7500EDE9CE /* MainWindow.xib */; };
		5A46996716A46C7500EDE9CE /* MyAppDelegate.mm in Sources */ = {isa = PBXBuildFile; fileRef = 5A46995816A46C7500EDE9CE /* MyAppDelegate.mm */; };
		5A46996816A46C7500EDE9CE /* MyCCGLView.mm in Sources */ = {isa = PBXBuildFile; fileRef = 5A46995A16A46C7500EDE9CE /* MyCCGLView.mm */; };
		5A46996916A46C7500EDE9CE /* MyViewController.mm in Sources */ = {isa = PBXBuildFile; fileRef = 5A46995C16A46C7500EDE9CE /* MyViewController.mm */; };
		5A46996A16A46C7500EDE9CE /* MyViewController.xib in Resources */ = {isa = PBXBuildFile; fileRef = 5A46995D16A46C7500EDE9CE /* MyViewController.xib */; };
		5AE3F91516A52E55006BF38E /* Cocoa.framework in Frameworks */ = {isa = PBXBuildFile; fileRef = 5A4698DA16A46B2C00EDE9CE /* Cocoa.framework */; };
		5AE3F91616A52E55006BF38E /* AppKit.framework in Frameworks */ = {isa = PBXBuildFile; fileRef = 5A4698DC16A46B2C00EDE9CE /* AppKit.framework */; };
		5AE3F91716A52E55006BF38E /* Foundation.framework in Frameworks */ = {isa = PBXBuildFile; fileRef = 5A346E0516879CB800D8463A /* Foundation.framework */; };
		5AE3F91816A52E55006BF38E /* Accelerate.framework in Frameworks */ = {isa = PBXBuildFile; fileRef = 5A4698DF16A46B2C00EDE9CE /* Accelerate.framework */; };
		5AE3F91916A52E55006BF38E /* AudioToolbox.framework in Frameworks */ = {isa = PBXBuildFile; fileRef = 5A346E0D16879CB800D8463A /* AudioToolbox.framework */; };
		5AE3F91A16A52E55006BF38E /* AudioUnit.framework in Frameworks */ = {isa = PBXBuildFile; fileRef = 5A4698E216A46B2C00EDE9CE /* AudioUnit.framework */; };
		5AE3F91B16A52E55006BF38E /* CoreAudio.framework in Frameworks */ = {isa = PBXBuildFile; fileRef = 5A4698E416A46B2C00EDE9CE /* CoreAudio.framework */; };
		5AE3F91C16A52E55006BF38E /* QuickTime.framework in Frameworks */ = {isa = PBXBuildFile; fileRef = 5A4698E616A46B2C00EDE9CE /* QuickTime.framework */; };
		5AE3F91D16A52E55006BF38E /* QTKit.framework in Frameworks */ = {isa = PBXBuildFile; fileRef = 5A4698E816A46B2C00EDE9CE /* QTKit.framework */; };
		5AE3F91E16A52E55006BF38E /* CoreVideo.framework in Frameworks */ = {isa = PBXBuildFile; fileRef = 5A346E0F16879CB800D8463A /* CoreVideo.framework */; };
		5AE3F91F16A52E55006BF38E /* Carbon.framework in Frameworks */ = {isa = PBXBuildFile; fileRef = 5A4698EB16A46B2C00EDE9CE /* Carbon.framework */; };
		5AE3F92016A52E55006BF38E /* OpenGL.framework in Frameworks */ = {isa = PBXBuildFile; fileRef = 5A4698ED16A46B2C00EDE9CE /* OpenGL.framework */; };
		5AE3F92616A52E55006BF38E /* InfoPlist.strings in Resources */ = {isa = PBXBuildFile; fileRef = 5AE3F92416A52E55006BF38E /* InfoPlist.strings */; };
		5AE3F92916A52E55006BF38E /* CGCredits.rtf in Resources */ = {isa = PBXBuildFile; fileRef = 5AE3F92816A52E55006BF38E /* CGCredits.rtf */; };
		5AE3F92B16A52E55006BF38E /* Credits.rtf in Resources */ = {isa = PBXBuildFile; fileRef = 5AE3F92A16A52E55006BF38E /* Credits.rtf */; };
		5AE3F92E16A52E55006BF38E /* DesktopApp.cpp in Sources */ = {isa = PBXBuildFile; fileRef = 5AE3F92D16A52E55006BF38E /* DesktopApp.cpp */; };
		5AE3F93516A52E55006BF38E /* passthru.vsh in Resources */ = {isa = PBXBuildFile; fileRef = 5AE3F93416A52E55006BF38E /* passthru.vsh */; };
		5AE3F93716A52E55006BF38E /* shader.fsh in Resources */ = {isa = PBXBuildFile; fileRef = 5AE3F93616A52E55006BF38E /* shader.fsh */; };
		5AE3F93A16A52E55006BF38E /* rg_grad.png in Resources */ = {isa = PBXBuildFile; fileRef = 5AE3F93916A52E55006BF38E /* rg_grad.png */; };
		5AE3F93E16A52E67006BF38E /* Animator.cpp in Sources */ = {isa = PBXBuildFile; fileRef = 5A46991F16A46C1400EDE9CE /* Animator.cpp */; };
		5AE3F93F16A52E67006BF38E /* AssetManager.cpp in Sources */ = {isa = PBXBuildFile; fileRef = 5A46992116A46C1400EDE9CE /* AssetManager.cpp */; };
		5AE3F94016A52E67006BF38E /* Camera.cpp in Sources */ = {isa = PBXBuildFile; fileRef = 5A46992316A46C1400EDE9CE /* Camera.cpp */; };
		5AE3F94116A52E67006BF38E /* Character.cpp in Sources */ = {isa = PBXBuildFile; fileRef = 5A46992516A46C1400EDE9CE /* Character.cpp */; };
		5AE3F94216A52E67006BF38E /* Collision.cpp in Sources */ = {isa = PBXBuildFile; fileRef = 5A46992716A46C1400EDE9CE /* Collision.cpp */; };
		5AE3F94316A52E67006BF38E /* Game.cpp in Sources */ = {isa = PBXBuildFile; fileRef = 5A46992B16A46C1400EDE9CE /* Game.cpp */; };
		5AE3F94416A52E67006BF38E /* Node.cpp in Sources */ = {isa = PBXBuildFile; fileRef = 5A46992E16A46C1400EDE9CE /* Node.cpp */; };
		5AE3F94516A52E67006BF38E /* Renderer.cpp in Sources */ = {isa = PBXBuildFile; fileRef = 5A46993016A46C1400EDE9CE /* Renderer.cpp */; };
		5AE3F94616A52E67006BF38E /* Tile.cpp in Sources */ = {isa = PBXBuildFile; fileRef = 5A46993216A46C1400EDE9CE /* Tile.cpp */; };
		5AE3F94716A52E71006BF38E /* EditableTile.cpp in Sources */ = {isa = PBXBuildFile; fileRef = 5AEEAD6516A49E780021B88F /* EditableTile.cpp */; };
		5AE3F94816A52E71006BF38E /* EditorCamera.cpp in Sources */ = {isa = PBXBuildFile; fileRef = 5AEEAD6916A49E780021B88F /* EditorCamera.cpp */; };
		5AE3F94916A52E71006BF38E /* EditorMode.cpp in Sources */ = {isa = PBXBuildFile; fileRef = 5AEEAD6B16A49E780021B88F /* EditorMode.cpp */; };
		5AE3F94A16A52E71006BF38E /* Input.cpp in Sources */ = {isa = PBXBuildFile; fileRef = 5AEEAD7016A49E780021B88F /* Input.cpp */; };
		5AE3F94B16A52E71006BF38E /* EditorCommand.cpp in Sources */ = {isa = PBXBuildFile; fileRef = 5AEEADB416A4BDEB0021B88F /* EditorCommand.cpp */; };
		5AECAE9E16A31C7000CC77A3 /* grass.png in Resources */ = {isa = PBXBuildFile; fileRef = 5AECAE9D16A31C7000CC77A3 /* grass.png */; };
		5AEEAD3A16A49E1E0021B88F /* Cocoa.framework in Frameworks */ = {isa = PBXBuildFile; fileRef = 5A4698DA16A46B2C00EDE9CE /* Cocoa.framework */; };
		5AEEAD3B16A49E1E0021B88F /* AppKit.framework in Frameworks */ = {isa = PBXBuildFile; fileRef = 5A4698DC16A46B2C00EDE9CE /* AppKit.framework */; };
		5AEEAD3C16A49E1E0021B88F /* ApplicationServices.framework in Frameworks */ = {isa = PBXBuildFile; fileRef = 5A4699D516A48A1400EDE9CE /* ApplicationServices.framework */; };
		5AEEAD3D16A49E1E0021B88F /* CoreData.framework in Frameworks */ = {isa = PBXBuildFile; fileRef = 5A4699D716A48A1400EDE9CE /* CoreData.framework */; };
		5AEEAD3E16A49E1E0021B88F /* Foundation.framework in Frameworks */ = {isa = PBXBuildFile; fileRef = 5A346E0516879CB800D8463A /* Foundation.framework */; };
		5AEEAD3F16A49E1E0021B88F /* Accelerate.framework in Frameworks */ = {isa = PBXBuildFile; fileRef = 5A4698DF16A46B2C00EDE9CE /* Accelerate.framework */; };
		5AEEAD4016A49E1E0021B88F /* AudioToolbox.framework in Frameworks */ = {isa = PBXBuildFile; fileRef = 5A346E0D16879CB800D8463A /* AudioToolbox.framework */; };
		5AEEAD4116A49E1E0021B88F /* AudioUnit.framework in Frameworks */ = {isa = PBXBuildFile; fileRef = 5A4698E216A46B2C00EDE9CE /* AudioUnit.framework */; };
		5AEEAD4216A49E1E0021B88F /* CoreAudio.framework in Frameworks */ = {isa = PBXBuildFile; fileRef = 5A4698E416A46B2C00EDE9CE /* CoreAudio.framework */; };
		5AEEAD4316A49E1E0021B88F /* QuickTime.framework in Frameworks */ = {isa = PBXBuildFile; fileRef = 5A4698E616A46B2C00EDE9CE /* QuickTime.framework */; };
		5AEEAD4416A49E1E0021B88F /* QTKit.framework in Frameworks */ = {isa = PBXBuildFile; fileRef = 5A4698E816A46B2C00EDE9CE /* QTKit.framework */; };
		5AEEAD4516A49E1E0021B88F /* CoreVideo.framework in Frameworks */ = {isa = PBXBuildFile; fileRef = 5A346E0F16879CB800D8463A /* CoreVideo.framework */; };
		5AEEAD4616A49E1E0021B88F /* OpenGL.framework in Frameworks */ = {isa = PBXBuildFile; fileRef = 5A4698ED16A46B2C00EDE9CE /* OpenGL.framework */; };
		5AEEAD4C16A49E1E0021B88F /* InfoPlist.strings in Resources */ = {isa = PBXBuildFile; fileRef = 5AEEAD4A16A49E1E0021B88F /* InfoPlist.strings */; };
		5AEEAD4E16A49E1E0021B88F /* main.m in Sources */ = {isa = PBXBuildFile; fileRef = 5AEEAD4D16A49E1E0021B88F /* main.m */; };
		5AEEAD5F16A49E1E0021B88F /* InfoPlist.strings in Resources */ = {isa = PBXBuildFile; fileRef = 5AEEAD5E16A49E1E0021B88F /* InfoPlist.strings */; };
		5AEEAD7A16A49E780021B88F /* EditableTile.cpp in Sources */ = {isa = PBXBuildFile; fileRef = 5AEEAD6516A49E780021B88F /* EditableTile.cpp */; };
		5AEEAD7C16A49E780021B88F /* EditorCamera.cpp in Sources */ = {isa = PBXBuildFile; fileRef = 5AEEAD6916A49E780021B88F /* EditorCamera.cpp */; };
		5AEEAD7D16A49E780021B88F /* EditorMode.cpp in Sources */ = {isa = PBXBuildFile; fileRef = 5AEEAD6B16A49E780021B88F /* EditorMode.cpp */; };
		5AEEAD8016A49E780021B88F /* Input.cpp in Sources */ = {isa = PBXBuildFile; fileRef = 5AEEAD7016A49E780021B88F /* Input.cpp */; };
		5AEEAD8616A49E810021B88F /* Animator.cpp in Sources */ = {isa = PBXBuildFile; fileRef = 5A46991F16A46C1400EDE9CE /* Animator.cpp */; };
		5AEEAD8716A49E810021B88F /* AssetManager.cpp in Sources */ = {isa = PBXBuildFile; fileRef = 5A46992116A46C1400EDE9CE /* AssetManager.cpp */; };
		5AEEAD8816A49E810021B88F /* Camera.cpp in Sources */ = {isa = PBXBuildFile; fileRef = 5A46992316A46C1400EDE9CE /* Camera.cpp */; };
		5AEEAD8916A49E810021B88F /* Character.cpp in Sources */ = {isa = PBXBuildFile; fileRef = 5A46992516A46C1400EDE9CE /* Character.cpp */; };
		5AEEAD8A16A49E810021B88F /* Collision.cpp in Sources */ = {isa = PBXBuildFile; fileRef = 5A46992716A46C1400EDE9CE /* Collision.cpp */; };
		5AEEAD8B16A49E810021B88F /* Game.cpp in Sources */ = {isa = PBXBuildFile; fileRef = 5A46992B16A46C1400EDE9CE /* Game.cpp */; };
		5AEEAD8C16A49E810021B88F /* Node.cpp in Sources */ = {isa = PBXBuildFile; fileRef = 5A46992E16A46C1400EDE9CE /* Node.cpp */; };
		5AEEAD8D16A49E810021B88F /* Renderer.cpp in Sources */ = {isa = PBXBuildFile; fileRef = 5A46993016A46C1400EDE9CE /* Renderer.cpp */; };
		5AEEAD8E16A49E810021B88F /* Tile.cpp in Sources */ = {isa = PBXBuildFile; fileRef = 5A46993216A46C1400EDE9CE /* Tile.cpp */; };
		5AEEAD8F16A49F2B0021B88F /* grass.png in Resources */ = {isa = PBXBuildFile; fileRef = 5AECAE9D16A31C7000CC77A3 /* grass.png */; };
		5AEEAD9016A49F2B0021B88F /* char_1.png in Resources */ = {isa = PBXBuildFile; fileRef = 5A346E5B1687ADF700D8463A /* char_1.png */; };
		5AEEAD9116A49F2B0021B88F /* char_2.png in Resources */ = {isa = PBXBuildFile; fileRef = 5AF9E01916890AF500359ACB /* char_2.png */; };
		5AEEAD9216A49F2B0021B88F /* ground.png in Resources */ = {isa = PBXBuildFile; fileRef = 5A346E611687B89700D8463A /* ground.png */; };
		5AEEAD9316A49F2B0021B88F /* background.png in Resources */ = {isa = PBXBuildFile; fileRef = 5A346E631687C49600D8463A /* background.png */; };
		5AEEAD9416A49F2B0021B88F /* hit.png in Resources */ = {isa = PBXBuildFile; fileRef = 5AF9E022168B361700359ACB /* hit.png */; };
		5AEEAD9A16A49F570021B88F /* MainMenu.nib in Resources */ = {isa = PBXBuildFile; fileRef = 5AEEAD9516A49F570021B88F /* MainMenu.nib */; };
		5AEEAD9B16A49F570021B88F /* MyCCGLDrawing.mm in Sources */ = {isa = PBXBuildFile; fileRef = 5AEEAD9716A49F570021B88F /* MyCCGLDrawing.mm */; };
		5AEEAD9C16A49F570021B88F /* MyController.mm in Sources */ = {isa = PBXBuildFile; fileRef = 5AEEAD9916A49F570021B88F /* MyController.mm */; };
		5AEEADA016A49F850021B88F /* CCGLView.mm in Sources */ = {isa = PBXBuildFile; fileRef = 5AEEAD9F16A49F850021B88F /* CCGLView.mm */; };
		5AEEADAA16A4B3060021B88F /* texture_tiles.png in Resources */ = {isa = PBXBuildFile; fileRef = 5AEEADA916A4B3060021B88F /* texture_tiles.png */; };
		5AEEADAB16A4B3060021B88F /* texture_tiles.png in Resources */ = {isa = PBXBuildFile; fileRef = 5AEEADA916A4B3060021B88F /* texture_tiles.png */; };
		5AEEADAF16A4B6C20021B88F /* TexturePalette.m in Sources */ = {isa = PBXBuildFile; fileRef = 5AEEADAD16A4B6C20021B88F /* TexturePalette.m */; };
		5AEEADB616A4BDEB0021B88F /* EditorCommand.cpp in Sources */ = {isa = PBXBuildFile; fileRef = 5AEEADB416A4BDEB0021B88F /* EditorCommand.cpp */; };
		5AF9E01A16890AF500359ACB /* char_2.png in Resources */ = {isa = PBXBuildFile; fileRef = 5AF9E01916890AF500359ACB /* char_2.png */; };
		5AF9E023168B361700359ACB /* hit.png in Resources */ = {isa = PBXBuildFile; fileRef = 5AF9E022168B361700359ACB /* hit.png */; };
/* End PBXBuildFile section */

/* Begin PBXFileReference section */
		5A346DFF16879CB800D8463A /* RPG3.app */ = {isa = PBXFileReference; explicitFileType = wrapper.application; includeInIndex = 0; path = RPG3.app; sourceTree = BUILT_PRODUCTS_DIR; };
		5A346E0316879CB800D8463A /* UIKit.framework */ = {isa = PBXFileReference; lastKnownFileType = wrapper.framework; name = UIKit.framework; path = System/Library/Frameworks/UIKit.framework; sourceTree = SDKROOT; };
		5A346E0516879CB800D8463A /* Foundation.framework */ = {isa = PBXFileReference; lastKnownFileType = wrapper.framework; name = Foundation.framework; path = System/Library/Frameworks/Foundation.framework; sourceTree = SDKROOT; };
		5A346E0716879CB800D8463A /* CoreGraphics.framework */ = {isa = PBXFileReference; lastKnownFileType = wrapper.framework; name = CoreGraphics.framework; path = System/Library/Frameworks/CoreGraphics.framework; sourceTree = SDKROOT; };
		5A346E0916879CB800D8463A /* QuartzCore.framework */ = {isa = PBXFileReference; lastKnownFileType = wrapper.framework; name = QuartzCore.framework; path = System/Library/Frameworks/QuartzCore.framework; sourceTree = SDKROOT; };
		5A346E0B16879CB800D8463A /* OpenGLES.framework */ = {isa = PBXFileReference; lastKnownFileType = wrapper.framework; name = OpenGLES.framework; path = System/Library/Frameworks/OpenGLES.framework; sourceTree = SDKROOT; };
		5A346E0D16879CB800D8463A /* AudioToolbox.framework */ = {isa = PBXFileReference; lastKnownFileType = wrapper.framework; name = AudioToolbox.framework; path = System/Library/Frameworks/AudioToolbox.framework; sourceTree = SDKROOT; };
		5A346E0F16879CB800D8463A /* CoreVideo.framework */ = {isa = PBXFileReference; lastKnownFileType = wrapper.framework; name = CoreVideo.framework; path = System/Library/Frameworks/CoreVideo.framework; sourceTree = SDKROOT; };
		5A346E1116879CB800D8463A /* AVFoundation.framework */ = {isa = PBXFileReference; lastKnownFileType = wrapper.framework; name = AVFoundation.framework; path = System/Library/Frameworks/AVFoundation.framework; sourceTree = SDKROOT; };
		5A346E1316879CB800D8463A /* CoreMedia.framework */ = {isa = PBXFileReference; lastKnownFileType = wrapper.framework; name = CoreMedia.framework; path = System/Library/Frameworks/CoreMedia.framework; sourceTree = SDKROOT; };
		5A346E1516879CB800D8463A /* CoreText.framework */ = {isa = PBXFileReference; lastKnownFileType = wrapper.framework; name = CoreText.framework; path = System/Library/Frameworks/CoreText.framework; sourceTree = SDKROOT; };
		5A346E5B1687ADF700D8463A /* char_1.png */ = {isa = PBXFileReference; lastKnownFileType = image.png; path = char_1.png; sourceTree = "<group>"; };
		5A346E611687B89700D8463A /* ground.png */ = {isa = PBXFileReference; lastKnownFileType = image.png; path = ground.png; sourceTree = "<group>"; };
		5A346E631687C49600D8463A /* background.png */ = {isa = PBXFileReference; lastKnownFileType = image.png; path = background.png; sourceTree = "<group>"; };
		5A4698DA16A46B2C00EDE9CE /* Cocoa.framework */ = {isa = PBXFileReference; lastKnownFileType = wrapper.framework; name = Cocoa.framework; path = Library/Frameworks/Cocoa.framework; sourceTree = DEVELOPER_DIR; };
		5A4698DC16A46B2C00EDE9CE /* AppKit.framework */ = {isa = PBXFileReference; lastKnownFileType = wrapper.framework; name = AppKit.framework; path = Library/Frameworks/AppKit.framework; sourceTree = DEVELOPER_DIR; };
		5A4698DF16A46B2C00EDE9CE /* Accelerate.framework */ = {isa = PBXFileReference; lastKnownFileType = wrapper.framework; name = Accelerate.framework; path = Library/Frameworks/Accelerate.framework; sourceTree = DEVELOPER_DIR; };
		5A4698E216A46B2C00EDE9CE /* AudioUnit.framework */ = {isa = PBXFileReference; lastKnownFileType = wrapper.framework; name = AudioUnit.framework; path = Library/Frameworks/AudioUnit.framework; sourceTree = DEVELOPER_DIR; };
		5A4698E416A46B2C00EDE9CE /* CoreAudio.framework */ = {isa = PBXFileReference; lastKnownFileType = wrapper.framework; name = CoreAudio.framework; path = Library/Frameworks/CoreAudio.framework; sourceTree = DEVELOPER_DIR; };
		5A4698E616A46B2C00EDE9CE /* QuickTime.framework */ = {isa = PBXFileReference; lastKnownFileType = wrapper.framework; name = QuickTime.framework; path = Library/Frameworks/QuickTime.framework; sourceTree = DEVELOPER_DIR; };
		5A4698E816A46B2C00EDE9CE /* QTKit.framework */ = {isa = PBXFileReference; lastKnownFileType = wrapper.framework; name = QTKit.framework; path = Library/Frameworks/QTKit.framework; sourceTree = DEVELOPER_DIR; };
		5A4698EB16A46B2C00EDE9CE /* Carbon.framework */ = {isa = PBXFileReference; lastKnownFileType = wrapper.framework; name = Carbon.framework; path = Library/Frameworks/Carbon.framework; sourceTree = DEVELOPER_DIR; };
		5A4698ED16A46B2C00EDE9CE /* OpenGL.framework */ = {isa = PBXFileReference; lastKnownFileType = wrapper.framework; name = OpenGL.framework; path = Library/Frameworks/OpenGL.framework; sourceTree = DEVELOPER_DIR; };
		5A46991F16A46C1400EDE9CE /* Animator.cpp */ = {isa = PBXFileReference; fileEncoding = 4; lastKnownFileType = sourcecode.cpp.cpp; path = Animator.cpp; sourceTree = "<group>"; };
		5A46992016A46C1400EDE9CE /* Animator.h */ = {isa = PBXFileReference; fileEncoding = 4; lastKnownFileType = sourcecode.c.h; path = Animator.h; sourceTree = "<group>"; };
		5A46992116A46C1400EDE9CE /* AssetManager.cpp */ = {isa = PBXFileReference; fileEncoding = 4; lastKnownFileType = sourcecode.cpp.cpp; path = AssetManager.cpp; sourceTree = "<group>"; };
		5A46992216A46C1400EDE9CE /* AssetManager.h */ = {isa = PBXFileReference; fileEncoding = 4; lastKnownFileType = sourcecode.c.h; path = AssetManager.h; sourceTree = "<group>"; };
		5A46992316A46C1400EDE9CE /* Camera.cpp */ = {isa = PBXFileReference; fileEncoding = 4; lastKnownFileType = sourcecode.cpp.cpp; path = Camera.cpp; sourceTree = "<group>"; };
		5A46992416A46C1400EDE9CE /* Camera.h */ = {isa = PBXFileReference; fileEncoding = 4; lastKnownFileType = sourcecode.c.h; path = Camera.h; sourceTree = "<group>"; };
		5A46992516A46C1400EDE9CE /* Character.cpp */ = {isa = PBXFileReference; fileEncoding = 4; lastKnownFileType = sourcecode.cpp.cpp; path = Character.cpp; sourceTree = "<group>"; };
		5A46992616A46C1400EDE9CE /* Character.h */ = {isa = PBXFileReference; fileEncoding = 4; lastKnownFileType = sourcecode.c.h; path = Character.h; sourceTree = "<group>"; };
		5A46992716A46C1400EDE9CE /* Collision.cpp */ = {isa = PBXFileReference; fileEncoding = 4; lastKnownFileType = sourcecode.cpp.cpp; path = Collision.cpp; sourceTree = "<group>"; };
		5A46992816A46C1400EDE9CE /* Collision.h */ = {isa = PBXFileReference; fileEncoding = 4; lastKnownFileType = sourcecode.c.h; path = Collision.h; sourceTree = "<group>"; };
		5A46992B16A46C1400EDE9CE /* Game.cpp */ = {isa = PBXFileReference; fileEncoding = 4; lastKnownFileType = sourcecode.cpp.cpp; path = Game.cpp; sourceTree = "<group>"; };
		5A46992C16A46C1400EDE9CE /* Game.h */ = {isa = PBXFileReference; fileEncoding = 4; lastKnownFileType = sourcecode.c.h; path = Game.h; sourceTree = "<group>"; };
		5A46992D16A46C1400EDE9CE /* InputButtons.h */ = {isa = PBXFileReference; fileEncoding = 4; lastKnownFileType = sourcecode.c.h; path = InputButtons.h; sourceTree = "<group>"; };
		5A46992E16A46C1400EDE9CE /* Node.cpp */ = {isa = PBXFileReference; fileEncoding = 4; lastKnownFileType = sourcecode.cpp.cpp; path = Node.cpp; sourceTree = "<group>"; };
		5A46992F16A46C1400EDE9CE /* Node.h */ = {isa = PBXFileReference; fileEncoding = 4; lastKnownFileType = sourcecode.c.h; path = Node.h; sourceTree = "<group>"; };
		5A46993016A46C1400EDE9CE /* Renderer.cpp */ = {isa = PBXFileReference; fileEncoding = 4; lastKnownFileType = sourcecode.cpp.cpp; path = Renderer.cpp; sourceTree = "<group>"; };
		5A46993116A46C1400EDE9CE /* Renderer.h */ = {isa = PBXFileReference; fileEncoding = 4; lastKnownFileType = sourcecode.c.h; path = Renderer.h; sourceTree = "<group>"; };
		5A46993216A46C1400EDE9CE /* Tile.cpp */ = {isa = PBXFileReference; fileEncoding = 4; lastKnownFileType = sourcecode.cpp.cpp; path = Tile.cpp; sourceTree = "<group>"; };
		5A46993316A46C1400EDE9CE /* Tile.h */ = {isa = PBXFileReference; fileEncoding = 4; lastKnownFileType = sourcecode.c.h; path = Tile.h; sourceTree = "<group>"; };
		5A46993416A46C1400EDE9CE /* Timer.h */ = {isa = PBXFileReference; fileEncoding = 4; lastKnownFileType = sourcecode.c.h; path = Timer.h; sourceTree = "<group>"; };
		5A46994B16A46C7500EDE9CE /* CCGLTouchAppDelegate.h */ = {isa = PBXFileReference; fileEncoding = 4; lastKnownFileType = sourcecode.c.h; path = CCGLTouchAppDelegate.h; sourceTree = "<group>"; };
		5A46994C16A46C7500EDE9CE /* CCGLTouchAppDelegate.mm */ = {isa = PBXFileReference; fileEncoding = 4; lastKnownFileType = sourcecode.cpp.objcpp; path = CCGLTouchAppDelegate.mm; sourceTree = "<group>"; };
		5A46994D16A46C7500EDE9CE /* CCGLTouchView.h */ = {isa = PBXFileReference; fileEncoding = 4; lastKnownFileType = sourcecode.c.h; path = CCGLTouchView.h; sourceTree = "<group>"; };
		5A46994E16A46C7500EDE9CE /* CCGLTouchView.mm */ = {isa = PBXFileReference; fileEncoding = 4; lastKnownFileType = sourcecode.cpp.objcpp; path = CCGLTouchView.mm; sourceTree = "<group>"; };
		5A46994F16A46C7500EDE9CE /* CCGLTouchViewController.h */ = {isa = PBXFileReference; fileEncoding = 4; lastKnownFileType = sourcecode.c.h; path = CCGLTouchViewController.h; sourceTree = "<group>"; };
		5A46995016A46C7500EDE9CE /* CCGLTouchViewController.mm */ = {isa = PBXFileReference; fileEncoding = 4; lastKnownFileType = sourcecode.cpp.objcpp; path = CCGLTouchViewController.mm; sourceTree = "<group>"; };
		5A46995216A46C7500EDE9CE /* en */ = {isa = PBXFileReference; lastKnownFileType = text.plist.strings; name = en; path = en.lproj/InfoPlist.strings; sourceTree = "<group>"; };
		5A46995316A46C7500EDE9CE /* JoypadViewController.h */ = {isa = PBXFileReference; fileEncoding = 4; lastKnownFileType = sourcecode.c.h; path = JoypadViewController.h; sourceTree = "<group>"; };
		5A46995416A46C7500EDE9CE /* JoypadViewController.m */ = {isa = PBXFileReference; fileEncoding = 4; lastKnownFileType = sourcecode.c.objc; path = JoypadViewController.m; sourceTree = "<group>"; };
		5A46995516A46C7500EDE9CE /* main.m */ = {isa = PBXFileReference; fileEncoding = 4; lastKnownFileType = sourcecode.c.objc; path = main.m; sourceTree = "<group>"; };
		5A46995616A46C7500EDE9CE /* MainWindow.xib */ = {isa = PBXFileReference; fileEncoding = 4; lastKnownFileType = file.xib; path = MainWindow.xib; sourceTree = "<group>"; };
		5A46995716A46C7500EDE9CE /* MyAppDelegate.h */ = {isa = PBXFileReference; fileEncoding = 4; lastKnownFileType = sourcecode.c.h; path = MyAppDelegate.h; sourceTree = "<group>"; };
		5A46995816A46C7500EDE9CE /* MyAppDelegate.mm */ = {isa = PBXFileReference; fileEncoding = 4; lastKnownFileType = sourcecode.cpp.objcpp; path = MyAppDelegate.mm; sourceTree = "<group>"; };
		5A46995916A46C7500EDE9CE /* MyCCGLView.h */ = {isa = PBXFileReference; fileEncoding = 4; lastKnownFileType = sourcecode.c.h; path = MyCCGLView.h; sourceTree = "<group>"; };
		5A46995A16A46C7500EDE9CE /* MyCCGLView.mm */ = {isa = PBXFileReference; fileEncoding = 4; lastKnownFileType = sourcecode.cpp.objcpp; path = MyCCGLView.mm; sourceTree = "<group>"; };
		5A46995B16A46C7500EDE9CE /* MyViewController.h */ = {isa = PBXFileReference; fileEncoding = 4; lastKnownFileType = sourcecode.c.h; path = MyViewController.h; sourceTree = "<group>"; };
		5A46995C16A46C7500EDE9CE /* MyViewController.mm */ = {isa = PBXFileReference; fileEncoding = 4; lastKnownFileType = sourcecode.cpp.objcpp; path = MyViewController.mm; sourceTree = "<group>"; };
		5A46995D16A46C7500EDE9CE /* MyViewController.xib */ = {isa = PBXFileReference; fileEncoding = 4; lastKnownFileType = file.xib; path = MyViewController.xib; sourceTree = "<group>"; };
		5A46995E16A46C7500EDE9CE /* RPG3-Info.plist */ = {isa = PBXFileReference; fileEncoding = 4; lastKnownFileType = text.plist.xml; path = "RPG3-Info.plist"; sourceTree = "<group>"; };
		5A46995F16A46C7500EDE9CE /* RPG3-Prefix.pch */ = {isa = PBXFileReference; fileEncoding = 4; lastKnownFileType = sourcecode.c.h; path = "RPG3-Prefix.pch"; sourceTree = "<group>"; };
		5A4699D516A48A1400EDE9CE /* ApplicationServices.framework */ = {isa = PBXFileReference; lastKnownFileType = wrapper.framework; name = ApplicationServices.framework; path = Library/Frameworks/ApplicationServices.framework; sourceTree = DEVELOPER_DIR; };
		5A4699D716A48A1400EDE9CE /* CoreData.framework */ = {isa = PBXFileReference; lastKnownFileType = wrapper.framework; name = CoreData.framework; path = Library/Frameworks/CoreData.framework; sourceTree = DEVELOPER_DIR; };
		5AE3F91316A52E55006BF38E /* Desktop.app */ = {isa = PBXFileReference; explicitFileType = wrapper.application; includeInIndex = 0; path = Desktop.app; sourceTree = BUILT_PRODUCTS_DIR; };
		5AE3F92316A52E55006BF38E /* Desktop-Info.plist */ = {isa = PBXFileReference; lastKnownFileType = text.plist.xml; path = "Desktop-Info.plist"; sourceTree = "<group>"; };
		5AE3F92516A52E55006BF38E /* en */ = {isa = PBXFileReference; lastKnownFileType = text.plist.strings; name = en; path = en.lproj/InfoPlist.strings; sourceTree = "<group>"; };
		5AE3F92716A52E55006BF38E /* Desktop-Prefix.pch */ = {isa = PBXFileReference; lastKnownFileType = sourcecode.c.h; path = "Desktop-Prefix.pch"; sourceTree = "<group>"; };
		5AE3F92816A52E55006BF38E /* CGCredits.rtf */ = {isa = PBXFileReference; lastKnownFileType = text.rtf; path = CGCredits.rtf; sourceTree = "<group>"; };
		5AE3F92A16A52E55006BF38E /* Credits.rtf */ = {isa = PBXFileReference; lastKnownFileType = text.rtf; path = Credits.rtf; sourceTree = "<group>"; };
		5AE3F92D16A52E55006BF38E /* DesktopApp.cpp */ = {isa = PBXFileReference; lastKnownFileType = sourcecode.cpp.cpp; name = DesktopApp.cpp; path = src/DesktopApp.cpp; sourceTree = "<group>"; };
		5AE3F93416A52E55006BF38E /* passthru.vsh */ = {isa = PBXFileReference; lastKnownFileType = sourcecode.glsl; name = passthru.vsh; path = resources/shaders/passthru.vsh; sourceTree = "<group>"; };
		5AE3F93616A52E55006BF38E /* shader.fsh */ = {isa = PBXFileReference; lastKnownFileType = sourcecode.glsl; name = shader.fsh; path = resources/shaders/shader.fsh; sourceTree = "<group>"; };
		5AE3F93916A52E55006BF38E /* rg_grad.png */ = {isa = PBXFileReference; lastKnownFileType = image.png; name = rg_grad.png; path = resources/images/rg_grad.png; sourceTree = "<group>"; };
		5AE3F94C16A52E92006BF38E /* Constants.h */ = {isa = PBXFileReference; fileEncoding = 4; lastKnownFileType = sourcecode.c.h; name = Constants.h; path = src/Constants.h; sourceTree = "<group>"; };
		5AE3F94D16A52E92006BF38E /* Resources.h */ = {isa = PBXFileReference; fileEncoding = 4; lastKnownFileType = sourcecode.c.h; name = Resources.h; path = src/Resources.h; sourceTree = "<group>"; };
		5AECAE9D16A31C7000CC77A3 /* grass.png */ = {isa = PBXFileReference; lastKnownFileType = image.png; path = grass.png; sourceTree = "<group>"; };
		5AEEAD3816A49E1E0021B88F /* Mac.app */ = {isa = PBXFileReference; explicitFileType = wrapper.application; includeInIndex = 0; path = Mac.app; sourceTree = BUILT_PRODUCTS_DIR; };
		5AEEAD4916A49E1E0021B88F /* Mac-Info.plist */ = {isa = PBXFileReference; lastKnownFileType = text.plist.xml; path = "Mac-Info.plist"; sourceTree = "<group>"; };
		5AEEAD4B16A49E1E0021B88F /* en */ = {isa = PBXFileReference; lastKnownFileType = text.plist.strings; name = en; path = en.lproj/InfoPlist.strings; sourceTree = "<group>"; };
		5AEEAD4D16A49E1E0021B88F /* main.m */ = {isa = PBXFileReference; lastKnownFileType = sourcecode.c.objc; path = main.m; sourceTree = "<group>"; };
		5AEEAD4F16A49E1E0021B88F /* Mac-Prefix.pch */ = {isa = PBXFileReference; lastKnownFileType = sourcecode.c.h; path = "Mac-Prefix.pch"; sourceTree = "<group>"; };
		5AEEAD5E16A49E1E0021B88F /* InfoPlist.strings */ = {isa = PBXFileReference; lastKnownFileType = text.plist.strings; path = InfoPlist.strings; sourceTree = "<group>"; };
		5AEEAD6416A49E780021B88F /* Constants.h */ = {isa = PBXFileReference; fileEncoding = 4; lastKnownFileType = sourcecode.c.h; path = Constants.h; sourceTree = "<group>"; };
		5AEEAD6516A49E780021B88F /* EditableTile.cpp */ = {isa = PBXFileReference; fileEncoding = 4; lastKnownFileType = sourcecode.cpp.cpp; path = EditableTile.cpp; sourceTree = "<group>"; };
		5AEEAD6616A49E780021B88F /* EditableTile.h */ = {isa = PBXFileReference; fileEncoding = 4; lastKnownFileType = sourcecode.c.h; path = EditableTile.h; sourceTree = "<group>"; };
		5AEEAD6916A49E780021B88F /* EditorCamera.cpp */ = {isa = PBXFileReference; fileEncoding = 4; lastKnownFileType = sourcecode.cpp.cpp; path = EditorCamera.cpp; sourceTree = "<group>"; };
		5AEEAD6A16A49E780021B88F /* EditorCamera.h */ = {isa = PBXFileReference; fileEncoding = 4; lastKnownFileType = sourcecode.c.h; path = EditorCamera.h; sourceTree = "<group>"; };
		5AEEAD6B16A49E780021B88F /* EditorMode.cpp */ = {isa = PBXFileReference; fileEncoding = 4; lastKnownFileType = sourcecode.cpp.cpp; path = EditorMode.cpp; sourceTree = "<group>"; };
		5AEEAD6C16A49E780021B88F /* EditorMode.h */ = {isa = PBXFileReference; fileEncoding = 4; lastKnownFileType = sourcecode.c.h; path = EditorMode.h; sourceTree = "<group>"; };
		5AEEAD7016A49E780021B88F /* Input.cpp */ = {isa = PBXFileReference; fileEncoding = 4; lastKnownFileType = sourcecode.cpp.cpp; path = Input.cpp; sourceTree = "<group>"; };
		5AEEAD7116A49E780021B88F /* Input.h */ = {isa = PBXFileReference; fileEncoding = 4; lastKnownFileType = sourcecode.c.h; path = Input.h; sourceTree = "<group>"; };
		5AEEAD7816A49E780021B88F /* Resources.h */ = {isa = PBXFileReference; fileEncoding = 4; lastKnownFileType = sourcecode.c.h; path = Resources.h; sourceTree = "<group>"; };
		5AEEAD9516A49F570021B88F /* MainMenu.nib */ = {isa = PBXFileReference; lastKnownFileType = wrapper.nib; path = MainMenu.nib; sourceTree = "<group>"; };
		5AEEAD9616A49F570021B88F /* MyCCGLDrawing.h */ = {isa = PBXFileReference; fileEncoding = 4; lastKnownFileType = sourcecode.c.h; path = MyCCGLDrawing.h; sourceTree = "<group>"; };
		5AEEAD9716A49F570021B88F /* MyCCGLDrawing.mm */ = {isa = PBXFileReference; fileEncoding = 4; lastKnownFileType = sourcecode.cpp.objcpp; path = MyCCGLDrawing.mm; sourceTree = "<group>"; };
		5AEEAD9816A49F570021B88F /* MyController.h */ = {isa = PBXFileReference; fileEncoding = 4; lastKnownFileType = sourcecode.c.h; path = MyController.h; sourceTree = "<group>"; };
		5AEEAD9916A49F570021B88F /* MyController.mm */ = {isa = PBXFileReference; fileEncoding = 4; lastKnownFileType = sourcecode.cpp.objcpp; path = MyController.mm; sourceTree = "<group>"; };
		5AEEAD9E16A49F850021B88F /* CCGLView.h */ = {isa = PBXFileReference; fileEncoding = 4; lastKnownFileType = sourcecode.c.h; path = CCGLView.h; sourceTree = "<group>"; };
		5AEEAD9F16A49F850021B88F /* CCGLView.mm */ = {isa = PBXFileReference; fileEncoding = 4; lastKnownFileType = sourcecode.cpp.objcpp; path = CCGLView.mm; sourceTree = "<group>"; };
		5AEEADA816A4B0B40021B88F /* EditorTypes.h */ = {isa = PBXFileReference; lastKnownFileType = sourcecode.c.h; path = EditorTypes.h; sourceTree = "<group>"; };
		5AEEADA916A4B3060021B88F /* texture_tiles.png */ = {isa = PBXFileReference; lastKnownFileType = image.png; path = texture_tiles.png; sourceTree = "<group>"; };
		5AEEADAC16A4B6C20021B88F /* TexturePalette.h */ = {isa = PBXFileReference; fileEncoding = 4; lastKnownFileType = sourcecode.c.h; path = TexturePalette.h; sourceTree = "<group>"; };
		5AEEADAD16A4B6C20021B88F /* TexturePalette.m */ = {isa = PBXFileReference; fileEncoding = 4; lastKnownFileType = sourcecode.c.objc; path = TexturePalette.m; sourceTree = "<group>"; };
		5AEEADB416A4BDEB0021B88F /* EditorCommand.cpp */ = {isa = PBXFileReference; fileEncoding = 4; lastKnownFileType = sourcecode.cpp.cpp; path = EditorCommand.cpp; sourceTree = "<group>"; };
		5AEEADB516A4BDEB0021B88F /* EditorCommand.h */ = {isa = PBXFileReference; fileEncoding = 4; lastKnownFileType = sourcecode.c.h; path = EditorCommand.h; sourceTree = "<group>"; };
		5AF9E01916890AF500359ACB /* char_2.png */ = {isa = PBXFileReference; lastKnownFileType = image.png; path = char_2.png; sourceTree = "<group>"; };
		5AF9E022168B361700359ACB /* hit.png */ = {isa = PBXFileReference; lastKnownFileType = image.png; path = hit.png; sourceTree = "<group>"; };
/* End PBXFileReference section */

/* Begin PBXFrameworksBuildPhase section */
		5A346DFC16879CB800D8463A /* Frameworks */ = {
			isa = PBXFrameworksBuildPhase;
			buildActionMask = 2147483647;
			files = (
				5A346E0416879CB800D8463A /* UIKit.framework in Frameworks */,
				5A346E0616879CB800D8463A /* Foundation.framework in Frameworks */,
				5A346E0816879CB800D8463A /* CoreGraphics.framework in Frameworks */,
				5A346E0A16879CB800D8463A /* QuartzCore.framework in Frameworks */,
				5A346E0C16879CB800D8463A /* OpenGLES.framework in Frameworks */,
				5A346E0E16879CB800D8463A /* AudioToolbox.framework in Frameworks */,
				5A346E1016879CB800D8463A /* CoreVideo.framework in Frameworks */,
				5A346E1216879CB800D8463A /* AVFoundation.framework in Frameworks */,
				5A346E1416879CB800D8463A /* CoreMedia.framework in Frameworks */,
				5A346E1616879CB800D8463A /* CoreText.framework in Frameworks */,
			);
			runOnlyForDeploymentPostprocessing = 0;
		};
		5AE3F91016A52E55006BF38E /* Frameworks */ = {
			isa = PBXFrameworksBuildPhase;
			buildActionMask = 2147483647;
			files = (
				5AE3F91516A52E55006BF38E /* Cocoa.framework in Frameworks */,
				5AE3F91616A52E55006BF38E /* AppKit.framework in Frameworks */,
				5AE3F91716A52E55006BF38E /* Foundation.framework in Frameworks */,
				5AE3F91816A52E55006BF38E /* Accelerate.framework in Frameworks */,
				5AE3F91916A52E55006BF38E /* AudioToolbox.framework in Frameworks */,
				5AE3F91A16A52E55006BF38E /* AudioUnit.framework in Frameworks */,
				5AE3F91B16A52E55006BF38E /* CoreAudio.framework in Frameworks */,
				5AE3F91C16A52E55006BF38E /* QuickTime.framework in Frameworks */,
				5AE3F91D16A52E55006BF38E /* QTKit.framework in Frameworks */,
				5AE3F91E16A52E55006BF38E /* CoreVideo.framework in Frameworks */,
				5AE3F91F16A52E55006BF38E /* Carbon.framework in Frameworks */,
				5AE3F92016A52E55006BF38E /* OpenGL.framework in Frameworks */,
			);
			runOnlyForDeploymentPostprocessing = 0;
		};
		5AEEAD3516A49E1E0021B88F /* Frameworks */ = {
			isa = PBXFrameworksBuildPhase;
			buildActionMask = 2147483647;
			files = (
				5AEEAD3A16A49E1E0021B88F /* Cocoa.framework in Frameworks */,
				5AEEAD3B16A49E1E0021B88F /* AppKit.framework in Frameworks */,
				5AEEAD3C16A49E1E0021B88F /* ApplicationServices.framework in Frameworks */,
				5AEEAD3D16A49E1E0021B88F /* CoreData.framework in Frameworks */,
				5AEEAD3E16A49E1E0021B88F /* Foundation.framework in Frameworks */,
				5AEEAD3F16A49E1E0021B88F /* Accelerate.framework in Frameworks */,
				5AEEAD4016A49E1E0021B88F /* AudioToolbox.framework in Frameworks */,
				5AEEAD4116A49E1E0021B88F /* AudioUnit.framework in Frameworks */,
				5AEEAD4216A49E1E0021B88F /* CoreAudio.framework in Frameworks */,
				5AEEAD4316A49E1E0021B88F /* QuickTime.framework in Frameworks */,
				5AEEAD4416A49E1E0021B88F /* QTKit.framework in Frameworks */,
				5AEEAD4516A49E1E0021B88F /* CoreVideo.framework in Frameworks */,
				5AEEAD4616A49E1E0021B88F /* OpenGL.framework in Frameworks */,
			);
			runOnlyForDeploymentPostprocessing = 0;
		};
/* End PBXFrameworksBuildPhase section */

/* Begin PBXGroup section */
		5A346DF416879CB800D8463A = {
			isa = PBXGroup;
			children = (
				5AEEAD6316A49E780021B88F /* EditorSrc */,
				5A46994916A46C7500EDE9CE /* iOS */,
				5A346E5A1687ADF600D8463A /* Resources */,
				5A46991E16A46C1400EDE9CE /* Game */,
				5AEEAD4716A49E1E0021B88F /* Mac */,
				5AE3F92116A52E55006BF38E /* Desktop */,
				5A346E0216879CB800D8463A /* Frameworks */,
				5A346E0016879CB800D8463A /* Products */,
			);
			sourceTree = "<group>";
		};
		5A346E0016879CB800D8463A /* Products */ = {
			isa = PBXGroup;
			children = (
				5A346DFF16879CB800D8463A /* RPG3.app */,
				5AEEAD3816A49E1E0021B88F /* Mac.app */,
				5AE3F91316A52E55006BF38E /* Desktop.app */,
			);
			name = Products;
			sourceTree = "<group>";
		};
		5A346E0216879CB800D8463A /* Frameworks */ = {
			isa = PBXGroup;
			children = (
				5A346E0316879CB800D8463A /* UIKit.framework */,
				5A346E0516879CB800D8463A /* Foundation.framework */,
				5A346E0716879CB800D8463A /* CoreGraphics.framework */,
				5A346E0916879CB800D8463A /* QuartzCore.framework */,
				5A346E0B16879CB800D8463A /* OpenGLES.framework */,
				5A346E0D16879CB800D8463A /* AudioToolbox.framework */,
				5A346E0F16879CB800D8463A /* CoreVideo.framework */,
				5A346E1116879CB800D8463A /* AVFoundation.framework */,
				5A346E1316879CB800D8463A /* CoreMedia.framework */,
				5A346E1516879CB800D8463A /* CoreText.framework */,
				5A4698DA16A46B2C00EDE9CE /* Cocoa.framework */,
				5A4698DC16A46B2C00EDE9CE /* AppKit.framework */,
				5A4698DF16A46B2C00EDE9CE /* Accelerate.framework */,
				5A4698E216A46B2C00EDE9CE /* AudioUnit.framework */,
				5A4698E416A46B2C00EDE9CE /* CoreAudio.framework */,
				5A4698E616A46B2C00EDE9CE /* QuickTime.framework */,
				5A4698E816A46B2C00EDE9CE /* QTKit.framework */,
				5A4698EB16A46B2C00EDE9CE /* Carbon.framework */,
				5A4698ED16A46B2C00EDE9CE /* OpenGL.framework */,
				5A4699D516A48A1400EDE9CE /* ApplicationServices.framework */,
				5A4699D716A48A1400EDE9CE /* CoreData.framework */,
			);
			name = Frameworks;
			sourceTree = "<group>";
		};
		5A346E5A1687ADF600D8463A /* Resources */ = {
			isa = PBXGroup;
			children = (
				5AEEADA916A4B3060021B88F /* texture_tiles.png */,
				5AECAE9D16A31C7000CC77A3 /* grass.png */,
				5A346E5B1687ADF700D8463A /* char_1.png */,
				5AF9E01916890AF500359ACB /* char_2.png */,
				5A346E611687B89700D8463A /* ground.png */,
				5A346E631687C49600D8463A /* background.png */,
				5AF9E022168B361700359ACB /* hit.png */,
			);
			path = Resources;
			sourceTree = SOURCE_ROOT;
		};
		5A46991E16A46C1400EDE9CE /* Game */ = {
			isa = PBXGroup;
			children = (
				5A46991F16A46C1400EDE9CE /* Animator.cpp */,
				5A46992016A46C1400EDE9CE /* Animator.h */,
				5A46992116A46C1400EDE9CE /* AssetManager.cpp */,
				5A46992216A46C1400EDE9CE /* AssetManager.h */,
				5A46992316A46C1400EDE9CE /* Camera.cpp */,
				5A46992416A46C1400EDE9CE /* Camera.h */,
				5A46992516A46C1400EDE9CE /* Character.cpp */,
				5A46992616A46C1400EDE9CE /* Character.h */,
				5A46992716A46C1400EDE9CE /* Collision.cpp */,
				5A46992816A46C1400EDE9CE /* Collision.h */,
				5A46992B16A46C1400EDE9CE /* Game.cpp */,
				5A46992C16A46C1400EDE9CE /* Game.h */,
				5A46992D16A46C1400EDE9CE /* InputButtons.h */,
				5A46992E16A46C1400EDE9CE /* Node.cpp */,
				5A46992F16A46C1400EDE9CE /* Node.h */,
				5A46993016A46C1400EDE9CE /* Renderer.cpp */,
				5A46993116A46C1400EDE9CE /* Renderer.h */,
				5A46993216A46C1400EDE9CE /* Tile.cpp */,
				5A46993316A46C1400EDE9CE /* Tile.h */,
				5A46993416A46C1400EDE9CE /* Timer.h */,
			);
			path = Game;
			sourceTree = "<group>";
		};
		5A46994916A46C7500EDE9CE /* iOS */ = {
			isa = PBXGroup;
			children = (
				5A46994A16A46C7500EDE9CE /* CCGLTouchCore */,
				5A46995116A46C7500EDE9CE /* InfoPlist.strings */,
				5A46995316A46C7500EDE9CE /* JoypadViewController.h */,
				5A46995416A46C7500EDE9CE /* JoypadViewController.m */,
				5A46995516A46C7500EDE9CE /* main.m */,
				5A46995616A46C7500EDE9CE /* MainWindow.xib */,
				5A46995716A46C7500EDE9CE /* MyAppDelegate.h */,
				5A46995816A46C7500EDE9CE /* MyAppDelegate.mm */,
				5A46995916A46C7500EDE9CE /* MyCCGLView.h */,
				5A46995A16A46C7500EDE9CE /* MyCCGLView.mm */,
				5A46995B16A46C7500EDE9CE /* MyViewController.h */,
				5A46995C16A46C7500EDE9CE /* MyViewController.mm */,
				5A46995D16A46C7500EDE9CE /* MyViewController.xib */,
				5A46995E16A46C7500EDE9CE /* RPG3-Info.plist */,
				5A46995F16A46C7500EDE9CE /* RPG3-Prefix.pch */,
			);
			path = iOS;
			sourceTree = "<group>";
		};
		5A46994A16A46C7500EDE9CE /* CCGLTouchCore */ = {
			isa = PBXGroup;
			children = (
				5A46994B16A46C7500EDE9CE /* CCGLTouchAppDelegate.h */,
				5A46994C16A46C7500EDE9CE /* CCGLTouchAppDelegate.mm */,
				5A46994D16A46C7500EDE9CE /* CCGLTouchView.h */,
				5A46994E16A46C7500EDE9CE /* CCGLTouchView.mm */,
				5A46994F16A46C7500EDE9CE /* CCGLTouchViewController.h */,
				5A46995016A46C7500EDE9CE /* CCGLTouchViewController.mm */,
			);
			path = CCGLTouchCore;
			sourceTree = "<group>";
		};
		5AE3F92116A52E55006BF38E /* Desktop */ = {
			isa = PBXGroup;
			children = (
				5AE3F92C16A52E55006BF38E /* Source */,
				5AE3F93216A52E55006BF38E /* Resources */,
				5AE3F92216A52E55006BF38E /* Supporting Files */,
			);
			path = Desktop;
			sourceTree = "<group>";
		};
		5AE3F92216A52E55006BF38E /* Supporting Files */ = {
			isa = PBXGroup;
			children = (
				5AE3F92316A52E55006BF38E /* Desktop-Info.plist */,
				5AE3F92416A52E55006BF38E /* InfoPlist.strings */,
				5AE3F92716A52E55006BF38E /* Desktop-Prefix.pch */,
				5AE3F92816A52E55006BF38E /* CGCredits.rtf */,
				5AE3F92A16A52E55006BF38E /* Credits.rtf */,
			);
			name = "Supporting Files";
			sourceTree = "<group>";
		};
		5AE3F92C16A52E55006BF38E /* Source */ = {
			isa = PBXGroup;
			children = (
				5AE3F92D16A52E55006BF38E /* DesktopApp.cpp */,
				5AE3F94C16A52E92006BF38E /* Constants.h */,
				5AE3F94D16A52E92006BF38E /* Resources.h */,
			);
			name = Source;
			sourceTree = "<group>";
		};
		5AE3F93216A52E55006BF38E /* Resources */ = {
			isa = PBXGroup;
			children = (
				5AE3F93316A52E55006BF38E /* Shaders */,
				5AE3F93816A52E55006BF38E /* Images */,
			);
			name = Resources;
			sourceTree = "<group>";
		};
		5AE3F93316A52E55006BF38E /* Shaders */ = {
			isa = PBXGroup;
			children = (
				5AE3F93416A52E55006BF38E /* passthru.vsh */,
				5AE3F93616A52E55006BF38E /* shader.fsh */,
			);
			name = Shaders;
			sourceTree = "<group>";
		};
		5AE3F93816A52E55006BF38E /* Images */ = {
			isa = PBXGroup;
			children = (
				5AE3F93916A52E55006BF38E /* rg_grad.png */,
			);
			name = Images;
			sourceTree = "<group>";
		};
		5AEEAD4716A49E1E0021B88F /* Mac */ = {
			isa = PBXGroup;
			children = (
				5AEEAD9D16A49F850021B88F /* CCGLCore */,
				5AEEAD9516A49F570021B88F /* MainMenu.nib */,
				5AEEAD9616A49F570021B88F /* MyCCGLDrawing.h */,
				5AEEAD9716A49F570021B88F /* MyCCGLDrawing.mm */,
				5AEEAD9816A49F570021B88F /* MyController.h */,
				5AEEAD9916A49F570021B88F /* MyController.mm */,
				5AEEAD4816A49E1E0021B88F /* Supporting Files */,
				5AEEADAC16A4B6C20021B88F /* TexturePalette.h */,
				5AEEADAD16A4B6C20021B88F /* TexturePalette.m */,
			);
			path = Mac;
			sourceTree = "<group>";
		};
		5AEEAD4816A49E1E0021B88F /* Supporting Files */ = {
			isa = PBXGroup;
			children = (
				5AEEAD4916A49E1E0021B88F /* Mac-Info.plist */,
				5AEEAD4A16A49E1E0021B88F /* InfoPlist.strings */,
				5AEEAD4D16A49E1E0021B88F /* main.m */,
				5AEEAD4F16A49E1E0021B88F /* Mac-Prefix.pch */,
				5AEEAD5E16A49E1E0021B88F /* InfoPlist.strings */,
			);
			name = "Supporting Files";
			sourceTree = "<group>";
		};
		5AEEAD6316A49E780021B88F /* EditorSrc */ = {
			isa = PBXGroup;
			children = (
				5AEEAD6416A49E780021B88F /* Constants.h */,
				5AEEAD6516A49E780021B88F /* EditableTile.cpp */,
				5AEEAD6616A49E780021B88F /* EditableTile.h */,
				5AEEAD6916A49E780021B88F /* EditorCamera.cpp */,
				5AEEAD6A16A49E780021B88F /* EditorCamera.h */,
				5AEEAD6B16A49E780021B88F /* EditorMode.cpp */,
				5AEEAD6C16A49E780021B88F /* EditorMode.h */,
				5AEEAD7016A49E780021B88F /* Input.cpp */,
				5AEEAD7116A49E780021B88F /* Input.h */,
				5AEEAD7816A49E780021B88F /* Resources.h */,
				5AEEADA816A4B0B40021B88F /* EditorTypes.h */,
				5AEEADB416A4BDEB0021B88F /* EditorCommand.cpp */,
				5AEEADB516A4BDEB0021B88F /* EditorCommand.h */,
			);
			path = EditorSrc;
			sourceTree = "<group>";
		};
		5AEEAD9D16A49F850021B88F /* CCGLCore */ = {
			isa = PBXGroup;
			children = (
				5AEEAD9E16A49F850021B88F /* CCGLView.h */,
				5AEEAD9F16A49F850021B88F /* CCGLView.mm */,
			);
			path = CCGLCore;
			sourceTree = "<group>";
		};
/* End PBXGroup section */

/* Begin PBXNativeTarget section */
		5A346DFE16879CB800D8463A /* RPG3 */ = {
			isa = PBXNativeTarget;
			buildConfigurationList = 5A346E3B16879CB800D8463A /* Build configuration list for PBXNativeTarget "RPG3" */;
			buildPhases = (
				5A346DFB16879CB800D8463A /* Sources */,
				5A346DFC16879CB800D8463A /* Frameworks */,
				5A346DFD16879CB800D8463A /* Resources */,
			);
			buildRules = (
			);
			dependencies = (
			);
			name = RPG3;
			productName = Fighting;
			productReference = 5A346DFF16879CB800D8463A /* RPG3.app */;
			productType = "com.apple.product-type.application";
		};
		5AE3F91216A52E55006BF38E /* Desktop */ = {
			isa = PBXNativeTarget;
			buildConfigurationList = 5AE3F93B16A52E55006BF38E /* Build configuration list for PBXNativeTarget "Desktop" */;
			buildPhases = (
				5AE3F90F16A52E55006BF38E /* Sources */,
				5AE3F91016A52E55006BF38E /* Frameworks */,
				5AE3F91116A52E55006BF38E /* Resources */,
			);
			buildRules = (
			);
			dependencies = (
			);
			name = Desktop;
			productName = Desktop;
			productReference = 5AE3F91316A52E55006BF38E /* Desktop.app */;
			productType = "com.apple.product-type.application";
		};
		5AEEAD3716A49E1E0021B88F /* Mac */ = {
			isa = PBXNativeTarget;
			buildConfigurationList = 5AEEAD6016A49E1E0021B88F /* Build configuration list for PBXNativeTarget "Mac" */;
			buildPhases = (
				5AEEAD3416A49E1E0021B88F /* Sources */,
				5AEEAD3516A49E1E0021B88F /* Frameworks */,
				5AEEAD3616A49E1E0021B88F /* Resources */,
			);
			buildRules = (
			);
			dependencies = (
			);
			name = Mac;
			productName = Mac;
			productReference = 5AEEAD3816A49E1E0021B88F /* Mac.app */;
			productType = "com.apple.product-type.application";
		};
/* End PBXNativeTarget section */

/* Begin PBXProject section */
		5A346DF616879CB800D8463A /* Project object */ = {
			isa = PBXProject;
			attributes = {
				LastUpgradeCheck = 0450;
				ORGANIZATIONNAME = lynchdev;
			};
			buildConfigurationList = 5A346DF916879CB800D8463A /* Build configuration list for PBXProject "RPG3" */;
			compatibilityVersion = "Xcode 3.2";
			developmentRegion = English;
			hasScannedForEncodings = 0;
			knownRegions = (
				en,
			);
			mainGroup = 5A346DF416879CB800D8463A;
			productRefGroup = 5A346E0016879CB800D8463A /* Products */;
			projectDirPath = "";
			projectRoot = "";
			targets = (
				5A346DFE16879CB800D8463A /* RPG3 */,
				5AEEAD3716A49E1E0021B88F /* Mac */,
				5AE3F91216A52E55006BF38E /* Desktop */,
			);
		};
/* End PBXProject section */

/* Begin PBXResourcesBuildPhase section */
		5A346DFD16879CB800D8463A /* Resources */ = {
			isa = PBXResourcesBuildPhase;
			buildActionMask = 2147483647;
			files = (
				5A346E5C1687ADF700D8463A /* char_1.png in Resources */,
				5A346E621687B89700D8463A /* ground.png in Resources */,
				5A346E641687C49600D8463A /* background.png in Resources */,
				5AF9E01A16890AF500359ACB /* char_2.png in Resources */,
				5AF9E023168B361700359ACB /* hit.png in Resources */,
				5AECAE9E16A31C7000CC77A3 /* grass.png in Resources */,
				5A46996316A46C7500EDE9CE /* InfoPlist.strings in Resources */,
				5A46996616A46C7500EDE9CE /* MainWindow.xib in Resources */,
				5A46996A16A46C7500EDE9CE /* MyViewController.xib in Resources */,
				5AEEADAA16A4B3060021B88F /* texture_tiles.png in Resources */,
			);
			runOnlyForDeploymentPostprocessing = 0;
		};
		5AE3F91116A52E55006BF38E /* Resources */ = {
			isa = PBXResourcesBuildPhase;
			buildActionMask = 2147483647;
			files = (
				5AE3F92616A52E55006BF38E /* InfoPlist.strings in Resources */,
				5AE3F92916A52E55006BF38E /* CGCredits.rtf in Resources */,
				5AE3F92B16A52E55006BF38E /* Credits.rtf in Resources */,
				5AE3F93516A52E55006BF38E /* passthru.vsh in Resources */,
				5AE3F93716A52E55006BF38E /* shader.fsh in Resources */,
				5AE3F93A16A52E55006BF38E /* rg_grad.png in Resources */,
			);
			runOnlyForDeploymentPostprocessing = 0;
		};
		5AEEAD3616A49E1E0021B88F /* Resources */ = {
			isa = PBXResourcesBuildPhase;
			buildActionMask = 2147483647;
			files = (
				5AEEAD4C16A49E1E0021B88F /* InfoPlist.strings in Resources */,
				5AEEAD5F16A49E1E0021B88F /* InfoPlist.strings in Resources */,
				5AEEAD8F16A49F2B0021B88F /* grass.png in Resources */,
				5AEEAD9016A49F2B0021B88F /* char_1.png in Resources */,
				5AEEAD9116A49F2B0021B88F /* char_2.png in Resources */,
				5AEEAD9216A49F2B0021B88F /* ground.png in Resources */,
				5AEEAD9316A49F2B0021B88F /* background.png in Resources */,
				5AEEAD9416A49F2B0021B88F /* hit.png in Resources */,
				5AEEAD9A16A49F570021B88F /* MainMenu.nib in Resources */,
				5AEEADAB16A4B3060021B88F /* texture_tiles.png in Resources */,
			);
			runOnlyForDeploymentPostprocessing = 0;
		};
/* End PBXResourcesBuildPhase section */

/* Begin PBXSourcesBuildPhase section */
		5A346DFB16879CB800D8463A /* Sources */ = {
			isa = PBXSourcesBuildPhase;
			buildActionMask = 2147483647;
			files = (
				5A46993516A46C1400EDE9CE /* Animator.cpp in Sources */,
				5A46993716A46C1400EDE9CE /* AssetManager.cpp in Sources */,
				5A46993916A46C1400EDE9CE /* Camera.cpp in Sources */,
				5A46993B16A46C1400EDE9CE /* Character.cpp in Sources */,
				5A46993D16A46C1400EDE9CE /* Collision.cpp in Sources */,
				5A46994116A46C1400EDE9CE /* Game.cpp in Sources */,
				5A46994316A46C1400EDE9CE /* Node.cpp in Sources */,
				5A46994516A46C1400EDE9CE /* Renderer.cpp in Sources */,
				5A46994716A46C1400EDE9CE /* Tile.cpp in Sources */,
				5A46996016A46C7500EDE9CE /* CCGLTouchAppDelegate.mm in Sources */,
				5A46996116A46C7500EDE9CE /* CCGLTouchView.mm in Sources */,
				5A46996216A46C7500EDE9CE /* CCGLTouchViewController.mm in Sources */,
				5A46996416A46C7500EDE9CE /* JoypadViewController.m in Sources */,
				5A46996516A46C7500EDE9CE /* main.m in Sources */,
				5A46996716A46C7500EDE9CE /* MyAppDelegate.mm in Sources */,
				5A46996816A46C7500EDE9CE /* MyCCGLView.mm in Sources */,
				5A46996916A46C7500EDE9CE /* MyViewController.mm in Sources */,
			);
			runOnlyForDeploymentPostprocessing = 0;
		};
		5AE3F90F16A52E55006BF38E /* Sources */ = {
			isa = PBXSourcesBuildPhase;
			buildActionMask = 2147483647;
			files = (
				5AE3F92E16A52E55006BF38E /* DesktopApp.cpp in Sources */,
				5AE3F93E16A52E67006BF38E /* Animator.cpp in Sources */,
				5AE3F93F16A52E67006BF38E /* AssetManager.cpp in Sources */,
				5AE3F94016A52E67006BF38E /* Camera.cpp in Sources */,
				5AE3F94116A52E67006BF38E /* Character.cpp in Sources */,
				5AE3F94216A52E67006BF38E /* Collision.cpp in Sources */,
				5AE3F94316A52E67006BF38E /* Game.cpp in Sources */,
				5AE3F94416A52E67006BF38E /* Node.cpp in Sources */,
				5AE3F94516A52E67006BF38E /* Renderer.cpp in Sources */,
				5AE3F94616A52E67006BF38E /* Tile.cpp in Sources */,
				5AE3F94716A52E71006BF38E /* EditableTile.cpp in Sources */,
				5AE3F94816A52E71006BF38E /* EditorCamera.cpp in Sources */,
				5AE3F94916A52E71006BF38E /* EditorMode.cpp in Sources */,
				5AE3F94A16A52E71006BF38E /* Input.cpp in Sources */,
				5AE3F94B16A52E71006BF38E /* EditorCommand.cpp in Sources */,
			);
			runOnlyForDeploymentPostprocessing = 0;
		};
		5AEEAD3416A49E1E0021B88F /* Sources */ = {
			isa = PBXSourcesBuildPhase;
			buildActionMask = 2147483647;
			files = (
				5AEEAD4E16A49E1E0021B88F /* main.m in Sources */,
				5AEEAD7A16A49E780021B88F /* EditableTile.cpp in Sources */,
				5AEEAD7C16A49E780021B88F /* EditorCamera.cpp in Sources */,
				5AEEAD7D16A49E780021B88F /* EditorMode.cpp in Sources */,
				5AEEAD8016A49E780021B88F /* Input.cpp in Sources */,
				5AEEAD8616A49E810021B88F /* Animator.cpp in Sources */,
				5AEEAD8716A49E810021B88F /* AssetManager.cpp in Sources */,
				5AEEAD8816A49E810021B88F /* Camera.cpp in Sources */,
				5AEEAD8916A49E810021B88F /* Character.cpp in Sources */,
				5AEEAD8A16A49E810021B88F /* Collision.cpp in Sources */,
				5AEEAD8B16A49E810021B88F /* Game.cpp in Sources */,
				5AEEAD8C16A49E810021B88F /* Node.cpp in Sources */,
				5AEEAD8D16A49E810021B88F /* Renderer.cpp in Sources */,
				5AEEAD8E16A49E810021B88F /* Tile.cpp in Sources */,
				5AEEAD9B16A49F570021B88F /* MyCCGLDrawing.mm in Sources */,
				5AEEAD9C16A49F570021B88F /* MyController.mm in Sources */,
				5AEEADA016A49F850021B88F /* CCGLView.mm in Sources */,
				5AEEADAF16A4B6C20021B88F /* TexturePalette.m in Sources */,
				5AEEADB616A4BDEB0021B88F /* EditorCommand.cpp in Sources */,
			);
			runOnlyForDeploymentPostprocessing = 0;
		};
/* End PBXSourcesBuildPhase section */

/* Begin PBXVariantGroup section */
		5A46995116A46C7500EDE9CE /* InfoPlist.strings */ = {
			isa = PBXVariantGroup;
			children = (
				5A46995216A46C7500EDE9CE /* en */,
			);
			name = InfoPlist.strings;
			sourceTree = "<group>";
		};
		5AE3F92416A52E55006BF38E /* InfoPlist.strings */ = {
			isa = PBXVariantGroup;
			children = (
				5AE3F92516A52E55006BF38E /* en */,
			);
			name = InfoPlist.strings;
			sourceTree = "<group>";
		};
		5AEEAD4A16A49E1E0021B88F /* InfoPlist.strings */ = {
			isa = PBXVariantGroup;
			children = (
				5AEEAD4B16A49E1E0021B88F /* en */,
			);
			name = InfoPlist.strings;
			sourceTree = "<group>";
		};
/* End PBXVariantGroup section */

/* Begin XCBuildConfiguration section */
		5A346E3916879CB800D8463A /* Debug */ = {
			isa = XCBuildConfiguration;
			buildSettings = {
				ALWAYS_SEARCH_USER_PATHS = NO;
				CLANG_CXX_LANGUAGE_STANDARD = "gnu++0x";
				CLANG_CXX_LIBRARY = "libc++";
				CLANG_ENABLE_OBJC_ARC = YES;
				CLANG_WARN_EMPTY_BODY = YES;
				CLANG_WARN__DUPLICATE_METHOD_MATCH = YES;
				"CODE_SIGN_IDENTITY[sdk=iphoneos*]" = "iPhone Developer";
				COPY_PHASE_STRIP = NO;
				GCC_C_LANGUAGE_STANDARD = gnu99;
				GCC_DYNAMIC_NO_PIC = NO;
				GCC_OPTIMIZATION_LEVEL = 0;
				GCC_PREPROCESSOR_DEFINITIONS = (
					"DEBUG=1",
					"$(inherited)",
				);
				GCC_SYMBOLS_PRIVATE_EXTERN = NO;
				GCC_WARN_ABOUT_RETURN_TYPE = YES;
				GCC_WARN_UNINITIALIZED_AUTOS = YES;
				GCC_WARN_UNUSED_VARIABLE = YES;
				IPHONEOS_DEPLOYMENT_TARGET = 6.0;
				ONLY_ACTIVE_ARCH = YES;
				SDKROOT = iphoneos;
				SUPPORTED_PLATFORMS = "iphonesimulator iphoneos";
				TARGETED_DEVICE_FAMILY = "1,2";
			};
			name = Debug;
		};
		5A346E3A16879CB800D8463A /* Release */ = {
			isa = XCBuildConfiguration;
			buildSettings = {
				ALWAYS_SEARCH_USER_PATHS = NO;
				CLANG_CXX_LANGUAGE_STANDARD = "gnu++0x";
				CLANG_CXX_LIBRARY = "libc++";
				CLANG_ENABLE_OBJC_ARC = YES;
				CLANG_WARN_EMPTY_BODY = YES;
				CLANG_WARN__DUPLICATE_METHOD_MATCH = YES;
				"CODE_SIGN_IDENTITY[sdk=iphoneos*]" = "iPhone Developer";
				COPY_PHASE_STRIP = YES;
				GCC_C_LANGUAGE_STANDARD = gnu99;
				GCC_WARN_ABOUT_RETURN_TYPE = YES;
				GCC_WARN_UNINITIALIZED_AUTOS = YES;
				GCC_WARN_UNUSED_VARIABLE = YES;
				IPHONEOS_DEPLOYMENT_TARGET = 6.0;
				OTHER_CFLAGS = "-DNS_BLOCK_ASSERTIONS=1";
				SDKROOT = iphoneos;
				SUPPORTED_PLATFORMS = "iphonesimulator iphoneos";
				TARGETED_DEVICE_FAMILY = "1,2";
				VALIDATE_PRODUCT = YES;
			};
			name = Release;
		};
		5A346E3C16879CB800D8463A /* Debug */ = {
			isa = XCBuildConfiguration;
			buildSettings = {
				ARCHS = "$(ARCHS_STANDARD_32_BIT)";
				CINDER_PATH = ../cinder;
				"CODE_SIGN_IDENTITY[sdk=iphoneos*]" = "iPhone Developer: Patrick LYNCH (MVESW3V6MQ)";
				DEVICE_FAMILY = iPhone/iPad;
				GCC_ENABLE_OBJC_EXCEPTIONS = YES;
				GCC_PRECOMPILE_PREFIX_HEADER = YES;
				GCC_PREFIX_HEADER = "iOS/RPG3-Prefix.pch";
				GCC_VERSION = com.apple.compilers.llvmgcc42;
				GCC_WARN_64_TO_32_BIT_CONVERSION = YES;
				HEADER_SEARCH_PATHS = (
					"$(CINDER_PATH)/include",
					"$(CINDER_PATH)/boost",
				);
				INFOPLIST_FILE = "iOS/RPG3-Info.plist";
				LIBRARY_SEARCH_PATHS = (
					"$(CINDER_PATH)/lib",
					"$(CINDER_PATH)/lib/ios",
					"$(CINDER_PATH)/lib/ios-sim",
				);
				ONLY_ACTIVE_ARCH = YES;
				OTHER_LDFLAGS = (
					/usr/lib/libz.dylib,
					"$(CINDER_PATH)/lib/libcinder-iphone_d.a",
					"$(CINDER_PATH)/lib/libcinder-iphone-sim_d.a",
				);
				PRODUCT_NAME = RPG3;
				"PROVISIONING_PROFILE[sdk=iphoneos*]" = "BCA7D6DE-5C1A-46F2-8315-D93888CC16FB";
				USER_HEADER_SEARCH_PATHS = "$(CINDER_PATH)/include";
				WRAPPER_EXTENSION = app;
			};
			name = Debug;
		};
		5A346E3D16879CB800D8463A /* Release */ = {
			isa = XCBuildConfiguration;
			buildSettings = {
				ARCHS = "$(ARCHS_STANDARD_32_BIT)";
				CINDER_PATH = ../cinder;
				DEBUG_INFORMATION_FORMAT = "dwarf-with-dsym";
				DEVICE_FAMILY = iPhone/iPad;
				GCC_ENABLE_OBJC_EXCEPTIONS = YES;
				GCC_PRECOMPILE_PREFIX_HEADER = YES;
				GCC_PREFIX_HEADER = "iOS/RPG3-Prefix.pch";
				GCC_VERSION = com.apple.compilers.llvmgcc42;
				GCC_WARN_64_TO_32_BIT_CONVERSION = YES;
				HEADER_SEARCH_PATHS = (
					"$(CINDER_PATH)/include",
					"$(CINDER_PATH)/boost",
				);
				INFOPLIST_FILE = "iOS/RPG3-Info.plist";
				LIBRARY_SEARCH_PATHS = (
					"$(CINDER_PATH)/lib",
					"$(CINDER_PATH)/lib/ios",
					"$(CINDER_PATH)/lib/ios-sim",
				);
				OTHER_LDFLAGS = (
					/usr/lib/libz.dylib,
					"$(CINDER_PATH)/lib/libcinder-iphone.a",
					"$(CINDER_PATH)/lib/libcinder-iphone-sim.a",
				);
				PRODUCT_NAME = RPG3;
				USER_HEADER_SEARCH_PATHS = "$(CINDER_PATH)/include";
				WRAPPER_EXTENSION = app;
			};
			name = Release;
		};
		5AE3F93C16A52E55006BF38E /* Debug */ = {
			isa = XCBuildConfiguration;
			buildSettings = {
				ARCHS = i386;
				CINDER_PATH = ../cinder;
				FRAMEWORK_SEARCH_PATHS = (
					"$(inherited)",
					"\"$(SYSTEM_APPS_DIR)/Xcode.app/Contents/Developer/Library/Frameworks\"",
				);
				GCC_ENABLE_OBJC_EXCEPTIONS = YES;
				GCC_PRECOMPILE_PREFIX_HEADER = YES;
				GCC_PREFIX_HEADER = "Desktop/Desktop-Prefix.pch";
				GCC_VERSION = com.apple.compilers.llvmgcc42;
				GCC_WARN_64_TO_32_BIT_CONVERSION = YES;
				HEADER_SEARCH_PATHS = "$(CINDER_PATH)/boost";
				INFOPLIST_FILE = "Desktop/Desktop-Info.plist";
				MACOSX_DEPLOYMENT_TARGET = 10.8;
				OTHER_LDFLAGS = "$(CINDER_PATH)/lib/libcinder_d.a";
				PRODUCT_NAME = "$(TARGET_NAME)";
				SDKROOT = macosx;
				SUPPORTED_PLATFORMS = macosx;
				USER_HEADER_SEARCH_PATHS = "../include $(CINDER_PATH)/include";
				WRAPPER_EXTENSION = app;
			};
			name = Debug;
		};
		5AE3F93D16A52E55006BF38E /* Release */ = {
			isa = XCBuildConfiguration;
			buildSettings = {
				ARCHS = i386;
				CINDER_PATH = ../cinder;
				DEBUG_INFORMATION_FORMAT = "dwarf-with-dsym";
				FRAMEWORK_SEARCH_PATHS = (
					"$(inherited)",
					"\"$(SYSTEM_APPS_DIR)/Xcode.app/Contents/Developer/Library/Frameworks\"",
				);
				GCC_ENABLE_OBJC_EXCEPTIONS = YES;
				GCC_PRECOMPILE_PREFIX_HEADER = YES;
				GCC_PREFIX_HEADER = "Desktop/Desktop-Prefix.pch";
				GCC_VERSION = com.apple.compilers.llvmgcc42;
				GCC_WARN_64_TO_32_BIT_CONVERSION = YES;
				HEADER_SEARCH_PATHS = "$(CINDER_PATH)/boost";
				INFOPLIST_FILE = "Desktop/Desktop-Info.plist";
				MACOSX_DEPLOYMENT_TARGET = 10.8;
				OTHER_LDFLAGS = "$(CINDER_PATH)/lib/libcinder.a";
				PRODUCT_NAME = "$(TARGET_NAME)";
				SDKROOT = macosx;
				SUPPORTED_PLATFORMS = macosx;
				USER_HEADER_SEARCH_PATHS = "../include $(CINDER_PATH)/include";
				WRAPPER_EXTENSION = app;
			};
			name = Release;
		};
		5AEEAD6116A49E1E0021B88F /* Debug */ = {
			isa = XCBuildConfiguration;
			buildSettings = {
				ARCHS = "$(ARCHS_STANDARD_32_BIT)";
				CINDER_PATH = ../cinder;
				FRAMEWORK_SEARCH_PATHS = (
					"$(inherited)",
					"\"$(SYSTEM_APPS_DIR)/Xcode.app/Contents/Developer/Library/Frameworks\"",
				);
				GCC_ENABLE_OBJC_EXCEPTIONS = YES;
				GCC_PRECOMPILE_PREFIX_HEADER = YES;
				GCC_PREFIX_HEADER = "Mac/Mac-Prefix.pch";
				GCC_VERSION = com.apple.compilers.llvmgcc42;
				GCC_WARN_64_TO_32_BIT_CONVERSION = YES;
				HEADER_SEARCH_PATHS = (
					"$(CINDER_PATH)/include",
					"$(CINDER_PATH)/boost",
				);
				INFOPLIST_FILE = "Mac/Mac-Info.plist";
				LIBRARY_SEARCH_PATHS = (
					"$(CINDER_PATH)/lib",
					"$(CINDER_PATH)/lib/macosx",
				);
				MACOSX_DEPLOYMENT_TARGET = 10.8;
				ONLY_ACTIVE_ARCH = YES;
				OTHER_LDFLAGS = "$(CINDER_PATH)/lib/libcinder_d.a";
				PRODUCT_NAME = "$(TARGET_NAME)";
				SDKROOT = macosx;
				SUPPORTED_PLATFORMS = macosx;
				USER_HEADER_SEARCH_PATHS = "$(CINDER_PATH)/include";
				WRAPPER_EXTENSION = app;
			};
			name = Debug;
		};
		5AEEAD6216A49E1E0021B88F /* Release */ = {
			isa = XCBuildConfiguration;
			buildSettings = {
				ARCHS = "$(ARCHS_STANDARD_32_BIT)";
				CINDER_PATH = ../cinder;
				DEBUG_INFORMATION_FORMAT = "dwarf-with-dsym";
				FRAMEWORK_SEARCH_PATHS = (
					"$(inherited)",
					"\"$(SYSTEM_APPS_DIR)/Xcode.app/Contents/Developer/Library/Frameworks\"",
				);
				GCC_ENABLE_OBJC_EXCEPTIONS = YES;
				GCC_PRECOMPILE_PREFIX_HEADER = YES;
				GCC_PREFIX_HEADER = "Mac/Mac-Prefix.pch";
				GCC_VERSION = com.apple.compilers.llvmgcc42;
				GCC_WARN_64_TO_32_BIT_CONVERSION = YES;
				HEADER_SEARCH_PATHS = (
					"$(CINDER_PATH)/include",
					"$(CINDER_PATH)/boost",
				);
				INFOPLIST_FILE = "Mac/Mac-Info.plist";
				LIBRARY_SEARCH_PATHS = (
					"$(CINDER_PATH)/lib",
					"$(CINDER_PATH)/lib/macosx",
				);
				MACOSX_DEPLOYMENT_TARGET = 10.8;
				OTHER_LDFLAGS = "$(CINDER_PATH)/lib/libcinder.a";
				PRODUCT_NAME = "$(TARGET_NAME)";
				SDKROOT = macosx;
				SUPPORTED_PLATFORMS = macosx;
				USER_HEADER_SEARCH_PATHS = "$(CINDER_PATH)/include";
				WRAPPER_EXTENSION = app;
			};
			name = Release;
		};
/* End XCBuildConfiguration section */

/* Begin XCConfigurationList section */
		5A346DF916879CB800D8463A /* Build configuration list for PBXProject "RPG3" */ = {
			isa = XCConfigurationList;
			buildConfigurations = (
				5A346E3916879CB800D8463A /* Debug */,
				5A346E3A16879CB800D8463A /* Release */,
			);
			defaultConfigurationIsVisible = 0;
			defaultConfigurationName = Release;
		};
		5A346E3B16879CB800D8463A /* Build configuration list for PBXNativeTarget "RPG3" */ = {
			isa = XCConfigurationList;
			buildConfigurations = (
				5A346E3C16879CB800D8463A /* Debug */,
				5A346E3D16879CB800D8463A /* Release */,
			);
			defaultConfigurationIsVisible = 0;
			defaultConfigurationName = Release;
		};
		5AE3F93B16A52E55006BF38E /* Build configuration list for PBXNativeTarget "Desktop" */ = {
			isa = XCConfigurationList;
			buildConfigurations = (
				5AE3F93C16A52E55006BF38E /* Debug */,
				5AE3F93D16A52E55006BF38E /* Release */,
			);
			defaultConfigurationIsVisible = 0;
		};
		5AEEAD6016A49E1E0021B88F /* Build configuration list for PBXNativeTarget "Mac" */ = {
			isa = XCConfigurationList;
			buildConfigurations = (
				5AEEAD6116A49E1E0021B88F /* Debug */,
				5AEEAD6216A49E1E0021B88F /* Release */,
			);
			defaultConfigurationIsVisible = 0;
			defaultConfigurationName = Release;
		};
/* End XCConfigurationList section */
	};
	rootObject = 5A346DF616879CB800D8463A /* Project object */;
}
